{
  "version": 4,
  "terraform_version": "1.6.3",
  "serial": 656,
  "lineage": "3e729a9d-c948-a51b-d271-b023d81c9484",
  "outputs": {},
  "resources": [
    {
      "module": "module.cdn",
      "mode": "managed",
      "type": "aws_cloudfront_distribution",
      "name": "app-distibution",
      "provider": "provider[\"registry.terraform.io/hashicorp/aws\"]",
      "instances": [
        {
          "schema_version": 1,
          "attributes": {
            "aliases": [
              "app-alprestamo-test.webhostingcloudtest.click"
            ],
            "arn": "arn:aws:cloudfront::145628923514:distribution/E2I4QG5QPYSKKF",
            "caller_reference": "terraform-20231214194234930700000006",
            "comment": "alprestamo-test-dev-app",
            "continuous_deployment_policy_id": "",
            "custom_error_response": [
              {
                "error_caching_min_ttl": 10,
                "error_code": 403,
                "response_code": 200,
                "response_page_path": "/index.html"
              },
              {
                "error_caching_min_ttl": 10,
                "error_code": 404,
                "response_code": 200,
                "response_page_path": "/index.html"
              }
            ],
            "default_cache_behavior": [
              {
                "allowed_methods": [
                  "GET",
                  "HEAD"
                ],
                "cache_policy_id": "",
                "cached_methods": [
                  "GET",
                  "HEAD"
                ],
                "compress": false,
                "default_ttl": 3600,
                "field_level_encryption_id": "",
                "forwarded_values": [
                  {
                    "cookies": [
                      {
                        "forward": "none",
                        "whitelisted_names": []
                      }
                    ],
                    "headers": [],
                    "query_string": false,
                    "query_string_cache_keys": []
                  }
                ],
                "function_association": [],
                "lambda_function_association": [],
                "max_ttl": 86400,
                "min_ttl": 0,
                "origin_request_policy_id": "",
                "realtime_log_config_arn": "",
                "response_headers_policy_id": "",
                "smooth_streaming": false,
                "target_origin_id": "alprestamo-test-dev-app",
                "trusted_key_groups": [],
                "trusted_signers": [],
                "viewer_protocol_policy": "redirect-to-https"
              }
            ],
            "default_root_object": "",
            "domain_name": "d1wirdxa7syb6a.cloudfront.net",
            "enabled": true,
            "etag": "E32283PEL430PH",
            "hosted_zone_id": "Z2FDTNDATAQYW2",
            "http_version": "http2",
            "id": "E2I4QG5QPYSKKF",
            "in_progress_validation_batches": 0,
            "is_ipv6_enabled": true,
            "last_modified_time": "2023-12-14 19:42:35.04 +0000 UTC",
            "logging_config": [],
            "ordered_cache_behavior": [],
            "origin": [
              {
                "connection_attempts": 3,
                "connection_timeout": 10,
                "custom_header": [],
                "custom_origin_config": [],
                "domain_name": "alprestamo-test-dev-app.s3.us-west-1.amazonaws.com",
                "origin_access_control_id": "",
                "origin_id": "alprestamo-test-dev-app",
                "origin_path": "",
                "origin_shield": [],
                "s3_origin_config": [
                  {
                    "origin_access_identity": "origin-access-identity/cloudfront/EWQZZUBEBVDT0"
                  }
                ]
              }
            ],
            "origin_group": [],
            "price_class": "PriceClass_All",
            "restrictions": [
              {
                "geo_restriction": [
                  {
                    "locations": [],
                    "restriction_type": "none"
                  }
                ]
              }
            ],
            "retain_on_delete": false,
            "staging": false,
            "status": "Deployed",
            "tags": {},
            "tags_all": {},
            "trusted_key_groups": [
              {
                "enabled": false,
                "items": []
              }
            ],
            "trusted_signers": [
              {
                "enabled": false,
                "items": []
              }
            ],
            "viewer_certificate": [
              {
                "acm_certificate_arn": "arn:aws:acm:us-east-1:145628923514:certificate/b71fb968-dcde-404f-860b-e5f49b10cce9",
                "cloudfront_default_certificate": false,
                "iam_certificate_id": "",
                "minimum_protocol_version": "TLSv1",
                "ssl_support_method": "sni-only"
              }
            ],
            "wait_for_deployment": true,
            "web_acl_id": ""
          },
          "sensitive_attributes": [],
          "private": "eyJzY2hlbWFfdmVyc2lvbiI6IjEifQ==",
          "dependencies": [
            "module.cdn.aws_cloudfront_origin_access_identity.app",
            "module.s3.aws_s3_bucket.app"
          ]
        }
      ]
    },
    {
      "module": "module.cdn",
      "mode": "managed",
      "type": "aws_cloudfront_distribution",
      "name": "front-distibution",
      "provider": "provider[\"registry.terraform.io/hashicorp/aws\"]",
      "instances": [
        {
          "schema_version": 1,
          "attributes": {
            "aliases": [
              "alprestamo-test.webhostingcloudtest.click"
            ],
            "arn": "arn:aws:cloudfront::145628923514:distribution/E1P8FD69MRBLK7",
            "caller_reference": "terraform-20231214194233022100000005",
            "comment": "alprestamo-test-dev-front",
            "continuous_deployment_policy_id": "",
            "custom_error_response": [
              {
                "error_caching_min_ttl": 10,
                "error_code": 403,
                "response_code": 200,
                "response_page_path": "/index.html"
              },
              {
                "error_caching_min_ttl": 10,
                "error_code": 404,
                "response_code": 200,
                "response_page_path": "/index.html"
              }
            ],
            "default_cache_behavior": [
              {
                "allowed_methods": [
                  "GET",
                  "HEAD"
                ],
                "cache_policy_id": "",
                "cached_methods": [
                  "GET",
                  "HEAD"
                ],
                "compress": false,
                "default_ttl": 3600,
                "field_level_encryption_id": "",
                "forwarded_values": [
                  {
                    "cookies": [
                      {
                        "forward": "none",
                        "whitelisted_names": []
                      }
                    ],
                    "headers": [],
                    "query_string": false,
                    "query_string_cache_keys": []
                  }
                ],
                "function_association": [],
                "lambda_function_association": [],
                "max_ttl": 86400,
                "min_ttl": 0,
                "origin_request_policy_id": "",
                "realtime_log_config_arn": "",
                "response_headers_policy_id": "",
                "smooth_streaming": false,
                "target_origin_id": "alprestamo-test-dev-front",
                "trusted_key_groups": [],
                "trusted_signers": [],
                "viewer_protocol_policy": "redirect-to-https"
              }
            ],
            "default_root_object": "",
            "domain_name": "d3l7oqb31cgsf3.cloudfront.net",
            "enabled": true,
            "etag": "E4TZIKITB3OI8",
            "hosted_zone_id": "Z2FDTNDATAQYW2",
            "http_version": "http2",
            "id": "E1P8FD69MRBLK7",
            "in_progress_validation_batches": 0,
            "is_ipv6_enabled": true,
            "last_modified_time": "2023-12-14 19:42:33.143 +0000 UTC",
            "logging_config": [],
            "ordered_cache_behavior": [],
            "origin": [
              {
                "connection_attempts": 3,
                "connection_timeout": 10,
                "custom_header": [],
                "custom_origin_config": [],
                "domain_name": "alprestamo-test-dev-front.s3.us-west-1.amazonaws.com",
                "origin_access_control_id": "",
                "origin_id": "alprestamo-test-dev-front",
                "origin_path": "",
                "origin_shield": [],
                "s3_origin_config": [
                  {
                    "origin_access_identity": "origin-access-identity/cloudfront/E1PFO6ABIAI11N"
                  }
                ]
              }
            ],
            "origin_group": [],
            "price_class": "PriceClass_All",
            "restrictions": [
              {
                "geo_restriction": [
                  {
                    "locations": [],
                    "restriction_type": "none"
                  }
                ]
              }
            ],
            "retain_on_delete": false,
            "staging": false,
            "status": "Deployed",
            "tags": {},
            "tags_all": {},
            "trusted_key_groups": [
              {
                "enabled": false,
                "items": []
              }
            ],
            "trusted_signers": [
              {
                "enabled": false,
                "items": []
              }
            ],
            "viewer_certificate": [
              {
                "acm_certificate_arn": "arn:aws:acm:us-east-1:145628923514:certificate/b71fb968-dcde-404f-860b-e5f49b10cce9",
                "cloudfront_default_certificate": false,
                "iam_certificate_id": "",
                "minimum_protocol_version": "TLSv1",
                "ssl_support_method": "sni-only"
              }
            ],
            "wait_for_deployment": true,
            "web_acl_id": ""
          },
          "sensitive_attributes": [],
          "private": "eyJzY2hlbWFfdmVyc2lvbiI6IjEifQ==",
          "dependencies": [
            "module.cdn.aws_cloudfront_origin_access_identity.front",
            "module.s3.aws_s3_bucket.front"
          ]
        }
      ]
    },
    {
      "module": "module.cdn",
      "mode": "managed",
      "type": "aws_cloudfront_distribution",
      "name": "perf-distibution",
      "provider": "provider[\"registry.terraform.io/hashicorp/aws\"]",
      "instances": [
        {
          "schema_version": 1,
          "attributes": {
            "aliases": [
              "p-alprestamo-test.webhostingcloudtest.click"
            ],
            "arn": "arn:aws:cloudfront::145628923514:distribution/E233BFBNP2JWEV",
            "caller_reference": "terraform-20231214194232362300000004",
            "comment": "alprestamo-test-dev-perf",
            "continuous_deployment_policy_id": "",
            "custom_error_response": [
              {
                "error_caching_min_ttl": 10,
                "error_code": 403,
                "response_code": 200,
                "response_page_path": "/index.html"
              },
              {
                "error_caching_min_ttl": 10,
                "error_code": 404,
                "response_code": 200,
                "response_page_path": "/index.html"
              }
            ],
            "default_cache_behavior": [
              {
                "allowed_methods": [
                  "GET",
                  "HEAD"
                ],
                "cache_policy_id": "",
                "cached_methods": [
                  "GET",
                  "HEAD"
                ],
                "compress": false,
                "default_ttl": 3600,
                "field_level_encryption_id": "",
                "forwarded_values": [
                  {
                    "cookies": [
                      {
                        "forward": "none",
                        "whitelisted_names": []
                      }
                    ],
                    "headers": [],
                    "query_string": false,
                    "query_string_cache_keys": []
                  }
                ],
                "function_association": [],
                "lambda_function_association": [],
                "max_ttl": 86400,
                "min_ttl": 0,
                "origin_request_policy_id": "",
                "realtime_log_config_arn": "",
                "response_headers_policy_id": "",
                "smooth_streaming": false,
                "target_origin_id": "alprestamo-test-dev-perf",
                "trusted_key_groups": [],
                "trusted_signers": [],
                "viewer_protocol_policy": "redirect-to-https"
              }
            ],
            "default_root_object": "",
            "domain_name": "d2r5tov2uylfyk.cloudfront.net",
            "enabled": true,
            "etag": "E1ICC5R550GIP3",
            "hosted_zone_id": "Z2FDTNDATAQYW2",
            "http_version": "http2",
            "id": "E233BFBNP2JWEV",
            "in_progress_validation_batches": 0,
            "is_ipv6_enabled": true,
            "last_modified_time": "2023-12-14 19:42:32.479 +0000 UTC",
            "logging_config": [],
            "ordered_cache_behavior": [],
            "origin": [
              {
                "connection_attempts": 3,
                "connection_timeout": 10,
                "custom_header": [],
                "custom_origin_config": [],
                "domain_name": "alprestamo-test-dev-perf.s3.us-west-1.amazonaws.com",
                "origin_access_control_id": "",
                "origin_id": "alprestamo-test-dev-perf",
                "origin_path": "",
                "origin_shield": [],
                "s3_origin_config": [
                  {
                    "origin_access_identity": "origin-access-identity/cloudfront/EZLRIBO3TNVVB"
                  }
                ]
              }
            ],
            "origin_group": [],
            "price_class": "PriceClass_All",
            "restrictions": [
              {
                "geo_restriction": [
                  {
                    "locations": [],
                    "restriction_type": "none"
                  }
                ]
              }
            ],
            "retain_on_delete": false,
            "staging": false,
            "status": "Deployed",
            "tags": {},
            "tags_all": {},
            "trusted_key_groups": [
              {
                "enabled": false,
                "items": []
              }
            ],
            "trusted_signers": [
              {
                "enabled": false,
                "items": []
              }
            ],
            "viewer_certificate": [
              {
                "acm_certificate_arn": "arn:aws:acm:us-east-1:145628923514:certificate/b71fb968-dcde-404f-860b-e5f49b10cce9",
                "cloudfront_default_certificate": false,
                "iam_certificate_id": "",
                "minimum_protocol_version": "TLSv1",
                "ssl_support_method": "sni-only"
              }
            ],
            "wait_for_deployment": true,
            "web_acl_id": ""
          },
          "sensitive_attributes": [],
          "private": "eyJzY2hlbWFfdmVyc2lvbiI6IjEifQ==",
          "dependencies": [
            "module.cdn.aws_cloudfront_origin_access_identity.perf",
            "module.s3.aws_s3_bucket.perf"
          ]
        }
      ]
    },
    {
      "module": "module.cdn",
      "mode": "managed",
      "type": "aws_cloudfront_origin_access_control",
      "name": "origin",
      "provider": "provider[\"registry.terraform.io/hashicorp/aws\"]",
      "instances": [
        {
          "schema_version": 0,
          "attributes": {
            "description": "alprestamo origin access control",
            "etag": "ETVPDKIKX0DER",
            "id": "E23DOFVHQMU4WB",
            "name": "alprestamos3Origin",
            "origin_access_control_origin_type": "s3",
            "signing_behavior": "always",
            "signing_protocol": "sigv4"
          },
          "sensitive_attributes": [],
          "private": "bnVsbA=="
        }
      ]
    },
    {
      "module": "module.cdn",
      "mode": "managed",
      "type": "aws_cloudfront_origin_access_identity",
      "name": "app",
      "provider": "provider[\"registry.terraform.io/hashicorp/aws\"]",
      "instances": [
        {
          "schema_version": 0,
          "attributes": {
            "caller_reference": "terraform-20231214194231265500000003",
            "cloudfront_access_identity_path": "origin-access-identity/cloudfront/EWQZZUBEBVDT0",
            "comment": "alprestamo-test-dev-app.s3.us-west-1.amazonaws.com",
            "etag": "E1QX6I8Y0HZ6GC",
            "iam_arn": "arn:aws:iam::cloudfront:user/CloudFront Origin Access Identity EWQZZUBEBVDT0",
            "id": "EWQZZUBEBVDT0",
            "s3_canonical_user_id": "96b98ae693b647bef08b07ec8fb727af70a78806b62b80e5a52701b68300c9daf98a1b57439ca1f1414b1599717ee060"
          },
          "sensitive_attributes": [],
          "private": "bnVsbA==",
          "dependencies": [
            "module.s3.aws_s3_bucket.app"
          ]
        }
      ]
    },
    {
      "module": "module.cdn",
      "mode": "managed",
      "type": "aws_cloudfront_origin_access_identity",
      "name": "front",
      "provider": "provider[\"registry.terraform.io/hashicorp/aws\"]",
      "instances": [
        {
          "schema_version": 0,
          "attributes": {
            "caller_reference": "terraform-20231214194231144400000002",
            "cloudfront_access_identity_path": "origin-access-identity/cloudfront/E1PFO6ABIAI11N",
            "comment": "alprestamo-test-dev-front.s3.us-west-1.amazonaws.com",
            "etag": "E1VWNR21Q9YT1L",
            "iam_arn": "arn:aws:iam::cloudfront:user/CloudFront Origin Access Identity E1PFO6ABIAI11N",
            "id": "E1PFO6ABIAI11N",
            "s3_canonical_user_id": "4b3c29322aeda321c04d215122c2bd03b6e08801c5da74ef34307630b9175adf9c4ab29e5f211ec0fe4552ad965fa3e9"
          },
          "sensitive_attributes": [],
          "private": "bnVsbA==",
          "dependencies": [
            "module.s3.aws_s3_bucket.front"
          ]
        }
      ]
    },
    {
      "module": "module.cdn",
      "mode": "managed",
      "type": "aws_cloudfront_origin_access_identity",
      "name": "perf",
      "provider": "provider[\"registry.terraform.io/hashicorp/aws\"]",
      "instances": [
        {
          "schema_version": 0,
          "attributes": {
            "caller_reference": "terraform-20231214194231116400000001",
            "cloudfront_access_identity_path": "origin-access-identity/cloudfront/EZLRIBO3TNVVB",
            "comment": "alprestamo-test-dev-perf.s3.us-west-1.amazonaws.com",
            "etag": "E2G8PC1VIOTRFH",
            "iam_arn": "arn:aws:iam::cloudfront:user/CloudFront Origin Access Identity EZLRIBO3TNVVB",
            "id": "EZLRIBO3TNVVB",
            "s3_canonical_user_id": "f42dde6f4de2bdfedb3347f71577e2c539f69d0ed76119da2a5a0926f9836a4664f6fc2e12356725c314e98d69bfb49b"
          },
          "sensitive_attributes": [],
          "private": "bnVsbA==",
          "dependencies": [
            "module.s3.aws_s3_bucket.perf"
          ]
        }
      ]
    },
    {
      "module": "module.ec2_alb",
      "mode": "managed",
      "type": "aws_alb_target_group_attachment",
      "name": "checo_attach",
      "provider": "provider[\"registry.terraform.io/hashicorp/aws\"]",
      "instances": [
        {
          "schema_version": 0,
          "attributes": {
            "availability_zone": null,
            "id": "arn:aws:elasticloadbalancing:us-west-1:145628923514:targetgroup/app-checo-test-dev-group/ccaeaa64f4815c20-2023121419431802680000000b",
            "port": 80,
            "target_group_arn": "arn:aws:elasticloadbalancing:us-west-1:145628923514:targetgroup/app-checo-test-dev-group/ccaeaa64f4815c20",
            "target_id": "10.20.0.194"
          },
          "sensitive_attributes": [],
          "private": "bnVsbA==",
          "dependencies": [
            "module.ec2_alb.aws_instance.web",
            "module.ec2_alb.aws_lb_target_group.checo_target_group",
            "module.vpc.aws_security_group.alprestamo-sg",
            "module.vpc.aws_subnet.dev-priv-main-subnet",
            "module.vpc.aws_vpc.alprestamo-vpc"
          ]
        }
      ]
    },
    {
      "module": "module.ec2_alb",
      "mode": "managed",
      "type": "aws_alb_target_group_attachment",
      "name": "lando_attach",
      "provider": "provider[\"registry.terraform.io/hashicorp/aws\"]",
      "instances": [
        {
          "schema_version": 0,
          "attributes": {
            "availability_zone": null,
            "id": "arn:aws:elasticloadbalancing:us-west-1:145628923514:targetgroup/app-lando-test-dev-group/0c01efdd70ce1200-2023121419431804200000000c",
            "port": 80,
            "target_group_arn": "arn:aws:elasticloadbalancing:us-west-1:145628923514:targetgroup/app-lando-test-dev-group/0c01efdd70ce1200",
            "target_id": "10.20.0.66"
          },
          "sensitive_attributes": [],
          "private": "bnVsbA==",
          "dependencies": [
            "module.ec2_alb.aws_instance.web",
            "module.ec2_alb.aws_lb_target_group.lando_target_group",
            "module.vpc.aws_security_group.alprestamo-sg",
            "module.vpc.aws_subnet.dev-priv-main-subnet",
            "module.vpc.aws_vpc.alprestamo-vpc"
          ]
        }
      ]
    },
    {
      "module": "module.ec2_alb",
      "mode": "managed",
      "type": "aws_alb_target_group_attachment",
      "name": "lewis_attach",
      "provider": "provider[\"registry.terraform.io/hashicorp/aws\"]",
      "instances": [
        {
          "schema_version": 0,
          "attributes": {
            "availability_zone": null,
            "id": "arn:aws:elasticloadbalancing:us-west-1:145628923514:targetgroup/app-lewis-test-dev-group/bdfb2390dcac557b-2023121419431805660000000d",
            "port": 80,
            "target_group_arn": "arn:aws:elasticloadbalancing:us-west-1:145628923514:targetgroup/app-lewis-test-dev-group/bdfb2390dcac557b",
            "target_id": "10.20.0.25"
          },
          "sensitive_attributes": [],
          "private": "bnVsbA==",
          "dependencies": [
            "module.ec2_alb.aws_instance.web",
            "module.ec2_alb.aws_lb_target_group.lewis_target_group",
            "module.vpc.aws_security_group.alprestamo-sg",
            "module.vpc.aws_subnet.dev-priv-main-subnet",
            "module.vpc.aws_vpc.alprestamo-vpc"
          ]
        }
      ]
    },
    {
      "module": "module.ec2_alb",
      "mode": "managed",
      "type": "aws_instance",
      "name": "web",
      "provider": "provider[\"registry.terraform.io/hashicorp/aws\"]",
      "instances": [
        {
          "index_key": "app-checo",
          "schema_version": 1,
          "attributes": {
            "ami": "ami-0cbd40f694b804622",
            "arn": "arn:aws:ec2:us-west-1:145628923514:instance/i-06b577d6115ddd4e3",
            "associate_public_ip_address": false,
            "availability_zone": "us-west-1b",
            "capacity_reservation_specification": [
              {
                "capacity_reservation_preference": "open",
                "capacity_reservation_target": []
              }
            ],
            "cpu_core_count": 1,
            "cpu_options": [
              {
                "amd_sev_snp": "",
                "core_count": 1,
                "threads_per_core": 1
              }
            ],
            "cpu_threads_per_core": 1,
            "credit_specification": [
              {
                "cpu_credits": "standard"
              }
            ],
            "disable_api_stop": false,
            "disable_api_termination": false,
            "ebs_block_device": [],
            "ebs_optimized": false,
            "enclave_options": [
              {
                "enabled": false
              }
            ],
            "ephemeral_block_device": [],
            "get_password_data": false,
            "hibernation": false,
            "host_id": "",
            "host_resource_group_arn": null,
            "iam_instance_profile": "",
            "id": "i-06b577d6115ddd4e3",
            "instance_initiated_shutdown_behavior": "stop",
            "instance_lifecycle": "",
            "instance_market_options": [],
            "instance_state": "running",
            "instance_type": "t2.micro",
            "ipv6_address_count": 0,
            "ipv6_addresses": [],
            "key_name": "",
            "launch_template": [],
            "maintenance_options": [
              {
                "auto_recovery": "default"
              }
            ],
            "metadata_options": [
              {
                "http_endpoint": "enabled",
                "http_protocol_ipv6": "disabled",
                "http_put_response_hop_limit": 1,
                "http_tokens": "optional",
                "instance_metadata_tags": "disabled"
              }
            ],
            "monitoring": false,
            "network_interface": [],
            "outpost_arn": "",
            "password_data": "",
            "placement_group": "",
            "placement_partition_number": 0,
            "primary_network_interface_id": "eni-0aeaccb84ea60bff6",
            "private_dns": "ip-10-20-0-66.us-west-1.compute.internal",
            "private_dns_name_options": [
              {
                "enable_resource_name_dns_a_record": false,
                "enable_resource_name_dns_aaaa_record": false,
                "hostname_type": "ip-name"
              }
            ],
            "private_ip": "10.20.0.66",
            "public_dns": "",
            "public_ip": "",
            "root_block_device": [
              {
                "delete_on_termination": true,
                "device_name": "/dev/sda1",
                "encrypted": false,
                "iops": 100,
                "kms_key_id": "",
                "tags": {},
                "throughput": 0,
                "volume_id": "vol-0aecec555048b84c9",
                "volume_size": 8,
                "volume_type": "gp2"
              }
            ],
            "secondary_private_ips": [],
            "security_groups": [],
            "source_dest_check": true,
            "spot_instance_request_id": "",
            "subnet_id": "subnet-0e57aed85b9e12630",
            "tags": {
              "Name": "app-checo-test-dev"
            },
            "tags_all": {
              "Name": "app-checo-test-dev"
            },
            "tenancy": "default",
            "timeouts": null,
            "user_data": null,
            "user_data_base64": null,
            "user_data_replace_on_change": false,
            "volume_tags": null,
            "vpc_security_group_ids": [
              "sg-023408100065f5f2b"
            ]
          },
          "sensitive_attributes": [],
          "private": "eyJlMmJmYjczMC1lY2FhLTExZTYtOGY4OC0zNDM2M2JjN2M0YzAiOnsiY3JlYXRlIjo2MDAwMDAwMDAwMDAsImRlbGV0ZSI6MTIwMDAwMDAwMDAwMCwidXBkYXRlIjo2MDAwMDAwMDAwMDB9LCJzY2hlbWFfdmVyc2lvbiI6IjEifQ==",
          "dependencies": [
            "module.vpc.aws_security_group.alprestamo-sg",
            "module.vpc.aws_subnet.dev-priv-main-subnet",
            "module.vpc.aws_vpc.alprestamo-vpc"
          ]
        },
        {
          "index_key": "app-lando",
          "schema_version": 1,
          "attributes": {
            "ami": "ami-0cbd40f694b804622",
            "arn": "arn:aws:ec2:us-west-1:145628923514:instance/i-0d765dff539cb2fcf",
            "associate_public_ip_address": false,
            "availability_zone": "us-west-1b",
            "capacity_reservation_specification": [
              {
                "capacity_reservation_preference": "open",
                "capacity_reservation_target": []
              }
            ],
            "cpu_core_count": 1,
            "cpu_options": [
              {
                "amd_sev_snp": "",
                "core_count": 1,
                "threads_per_core": 1
              }
            ],
            "cpu_threads_per_core": 1,
            "credit_specification": [
              {
                "cpu_credits": "standard"
              }
            ],
            "disable_api_stop": false,
            "disable_api_termination": false,
            "ebs_block_device": [],
            "ebs_optimized": false,
            "enclave_options": [
              {
                "enabled": false
              }
            ],
            "ephemeral_block_device": [],
            "get_password_data": false,
            "hibernation": false,
            "host_id": "",
            "host_resource_group_arn": null,
            "iam_instance_profile": "",
            "id": "i-0d765dff539cb2fcf",
            "instance_initiated_shutdown_behavior": "stop",
            "instance_lifecycle": "",
            "instance_market_options": [],
            "instance_state": "running",
            "instance_type": "t2.micro",
            "ipv6_address_count": 0,
            "ipv6_addresses": [],
            "key_name": "",
            "launch_template": [],
            "maintenance_options": [
              {
                "auto_recovery": "default"
              }
            ],
            "metadata_options": [
              {
                "http_endpoint": "enabled",
                "http_protocol_ipv6": "disabled",
                "http_put_response_hop_limit": 1,
                "http_tokens": "optional",
                "instance_metadata_tags": "disabled"
              }
            ],
            "monitoring": false,
            "network_interface": [],
            "outpost_arn": "",
            "password_data": "",
            "placement_group": "",
            "placement_partition_number": 0,
            "primary_network_interface_id": "eni-0e4b597196b6d9819",
            "private_dns": "ip-10-20-0-194.us-west-1.compute.internal",
            "private_dns_name_options": [
              {
                "enable_resource_name_dns_a_record": false,
                "enable_resource_name_dns_aaaa_record": false,
                "hostname_type": "ip-name"
              }
            ],
            "private_ip": "10.20.0.194",
            "public_dns": "",
            "public_ip": "",
            "root_block_device": [
              {
                "delete_on_termination": true,
                "device_name": "/dev/sda1",
                "encrypted": false,
                "iops": 100,
                "kms_key_id": "",
                "tags": {},
                "throughput": 0,
                "volume_id": "vol-09556e5c4611854e4",
                "volume_size": 8,
                "volume_type": "gp2"
              }
            ],
            "secondary_private_ips": [],
            "security_groups": [],
            "source_dest_check": true,
            "spot_instance_request_id": "",
            "subnet_id": "subnet-0e57aed85b9e12630",
            "tags": {
              "Name": "app-lando-test-dev"
            },
            "tags_all": {
              "Name": "app-lando-test-dev"
            },
            "tenancy": "default",
            "timeouts": null,
            "user_data": null,
            "user_data_base64": null,
            "user_data_replace_on_change": false,
            "volume_tags": null,
            "vpc_security_group_ids": [
              "sg-023408100065f5f2b"
            ]
          },
          "sensitive_attributes": [],
          "private": "eyJlMmJmYjczMC1lY2FhLTExZTYtOGY4OC0zNDM2M2JjN2M0YzAiOnsiY3JlYXRlIjo2MDAwMDAwMDAwMDAsImRlbGV0ZSI6MTIwMDAwMDAwMDAwMCwidXBkYXRlIjo2MDAwMDAwMDAwMDB9LCJzY2hlbWFfdmVyc2lvbiI6IjEifQ==",
          "dependencies": [
            "module.vpc.aws_security_group.alprestamo-sg",
            "module.vpc.aws_subnet.dev-priv-main-subnet",
            "module.vpc.aws_vpc.alprestamo-vpc"
          ]
        },
        {
          "index_key": "app-lewis",
          "schema_version": 1,
          "attributes": {
            "ami": "ami-0cbd40f694b804622",
            "arn": "arn:aws:ec2:us-west-1:145628923514:instance/i-0c8cbd064d5f43f9a",
            "associate_public_ip_address": false,
            "availability_zone": "us-west-1b",
            "capacity_reservation_specification": [
              {
                "capacity_reservation_preference": "open",
                "capacity_reservation_target": []
              }
            ],
            "cpu_core_count": 1,
            "cpu_options": [
              {
                "amd_sev_snp": "",
                "core_count": 1,
                "threads_per_core": 1
              }
            ],
            "cpu_threads_per_core": 1,
            "credit_specification": [
              {
                "cpu_credits": "standard"
              }
            ],
            "disable_api_stop": false,
            "disable_api_termination": false,
            "ebs_block_device": [],
            "ebs_optimized": false,
            "enclave_options": [
              {
                "enabled": false
              }
            ],
            "ephemeral_block_device": [],
            "get_password_data": false,
            "hibernation": false,
            "host_id": "",
            "host_resource_group_arn": null,
            "iam_instance_profile": "",
            "id": "i-0c8cbd064d5f43f9a",
            "instance_initiated_shutdown_behavior": "stop",
            "instance_lifecycle": "",
            "instance_market_options": [],
            "instance_state": "running",
            "instance_type": "t2.micro",
            "ipv6_address_count": 0,
            "ipv6_addresses": [],
            "key_name": "",
            "launch_template": [],
            "maintenance_options": [
              {
                "auto_recovery": "default"
              }
            ],
            "metadata_options": [
              {
                "http_endpoint": "enabled",
                "http_protocol_ipv6": "disabled",
                "http_put_response_hop_limit": 1,
                "http_tokens": "optional",
                "instance_metadata_tags": "disabled"
              }
            ],
            "monitoring": false,
            "network_interface": [],
            "outpost_arn": "",
            "password_data": "",
            "placement_group": "",
            "placement_partition_number": 0,
            "primary_network_interface_id": "eni-04865a5a89ba3e483",
            "private_dns": "ip-10-20-0-25.us-west-1.compute.internal",
            "private_dns_name_options": [
              {
                "enable_resource_name_dns_a_record": false,
                "enable_resource_name_dns_aaaa_record": false,
                "hostname_type": "ip-name"
              }
            ],
            "private_ip": "10.20.0.25",
            "public_dns": "",
            "public_ip": "",
            "root_block_device": [
              {
                "delete_on_termination": true,
                "device_name": "/dev/sda1",
                "encrypted": false,
                "iops": 100,
                "kms_key_id": "",
                "tags": {},
                "throughput": 0,
                "volume_id": "vol-027cc3fd33ad8d645",
                "volume_size": 8,
                "volume_type": "gp2"
              }
            ],
            "secondary_private_ips": [],
            "security_groups": [],
            "source_dest_check": true,
            "spot_instance_request_id": "",
            "subnet_id": "subnet-0e57aed85b9e12630",
            "tags": {
              "Name": "app-lewis-test-dev"
            },
            "tags_all": {
              "Name": "app-lewis-test-dev"
            },
            "tenancy": "default",
            "timeouts": null,
            "user_data": null,
            "user_data_base64": null,
            "user_data_replace_on_change": false,
            "volume_tags": null,
            "vpc_security_group_ids": [
              "sg-023408100065f5f2b"
            ]
          },
          "sensitive_attributes": [],
          "private": "eyJlMmJmYjczMC1lY2FhLTExZTYtOGY4OC0zNDM2M2JjN2M0YzAiOnsiY3JlYXRlIjo2MDAwMDAwMDAwMDAsImRlbGV0ZSI6MTIwMDAwMDAwMDAwMCwidXBkYXRlIjo2MDAwMDAwMDAwMDB9LCJzY2hlbWFfdmVyc2lvbiI6IjEifQ==",
          "dependencies": [
            "module.vpc.aws_security_group.alprestamo-sg",
            "module.vpc.aws_subnet.dev-priv-main-subnet",
            "module.vpc.aws_vpc.alprestamo-vpc"
          ]
        }
      ]
    },
    {
      "module": "module.ec2_alb",
      "mode": "managed",
      "type": "aws_key_pair",
      "name": "alprestamo",
      "provider": "provider[\"registry.terraform.io/hashicorp/aws\"]",
      "instances": [
        {
          "schema_version": 1,
          "attributes": {
            "arn": "arn:aws:ec2:us-west-1:145628923514:key-pair/alprestamo",
            "fingerprint": "fc:fc:52:ca:05:3e:bf:c6:44:a4:fb:8e:7a:11:8f:1a",
            "id": "alprestamo",
            "key_name": "alprestamo",
            "key_name_prefix": "",
            "key_pair_id": "key-0225f8294f7ff662a",
            "key_type": "rsa",
            "public_key": "ssh-rsa AAAAB3NzaC1yc2EAAAADAQABAAACAQC+f7Os/VCa9A/zG1MYSxt/jDvLthSxcljGmY4fIZTwYcLMT55fJKZa4iAoF4h8wtotXgN1SIelAmyRnqwnUPgnK6RjxDKKzdTPaTTSySc6kPdke0bAmuxd9fXGp7GlS9kZF/FFTN8X2bHnXx/QPT9yzxwMgWGBaGn3cSvjwXMG+qvDAuljrCJwk6iMIAqwfA1rIz4rogQ/p4qv1mZTJ4QZXws59qbV6rDD4XeoynzQ3/fR+6I9U6pDoFTQp8nDOkob/94Qvpyy2Eac6K2hs+cN8Ge/7V6U/MMHYOX5LsRXW/XGkCKWO8mDKPE3+8Iyx8Zj+zhFoCSabWHEYDouPFALBVeNe0bw577dH2tlQSWgkiZbMBMPrLfX14TLMU+A4VgjdYQIoMPYRQvPjj/7SnoEJZX869CGB2J8c8Qw48452oTCnqQ70/Sf3TmWEQcCUNSd6mKc38/amCMqUMS7T+ZN9/+qH3HIeSCPFaE71YhitrtExWzGzJjxyBPj5KiJn5T6CxdRqYTxSmzg7w6VwCsCLqe7ydII6inEQjBftFN+3n/0WJ3rRmVhUtxgXxV9pAvsMLzGoaJxjg0RT53O15f48qDkf+BL5QoT/aHaUvS98E37isarc4k2+iqo9zY2jYa08TDEcJtE6yEkQmDoMTEtSDl/288qqs/nWH5McAxlJQ==",
            "tags": {},
            "tags_all": {}
          },
          "sensitive_attributes": [],
          "private": "eyJzY2hlbWFfdmVyc2lvbiI6IjEifQ==",
          "dependencies": [
            "module.ec2_alb.tls_private_key.alprestamo"
          ]
        }
      ]
    },
    {
      "module": "module.ec2_alb",
      "mode": "managed",
      "type": "aws_lb",
      "name": "application_load_balancer",
      "provider": "provider[\"registry.terraform.io/hashicorp/aws\"]",
      "instances": [
        {
          "schema_version": 0,
          "attributes": {
            "access_logs": [
              {
                "bucket": "",
                "enabled": false,
                "prefix": ""
              }
            ],
            "arn": "arn:aws:elasticloadbalancing:us-west-1:145628923514:loadbalancer/app/alprestamo-dev-alb/c4cea0825a3dfd9b",
            "arn_suffix": "app/alprestamo-dev-alb/c4cea0825a3dfd9b",
            "customer_owned_ipv4_pool": "",
            "desync_mitigation_mode": "defensive",
            "dns_name": "alprestamo-dev-alb-1769271589.us-west-1.elb.amazonaws.com",
            "dns_record_client_routing_policy": null,
            "drop_invalid_header_fields": false,
            "enable_cross_zone_load_balancing": true,
            "enable_deletion_protection": false,
            "enable_http2": true,
            "enable_tls_version_and_cipher_suite_headers": false,
            "enable_waf_fail_open": false,
            "enable_xff_client_port": false,
            "enforce_security_group_inbound_rules_on_private_link_traffic": "",
            "id": "arn:aws:elasticloadbalancing:us-west-1:145628923514:loadbalancer/app/alprestamo-dev-alb/c4cea0825a3dfd9b",
            "idle_timeout": 60,
            "internal": false,
            "ip_address_type": "ipv4",
            "load_balancer_type": "application",
            "name": "alprestamo-dev-alb",
            "name_prefix": "",
            "preserve_host_header": false,
            "security_groups": [
              "sg-023408100065f5f2b"
            ],
            "subnet_mapping": [
              {
                "allocation_id": "",
                "ipv6_address": "",
                "outpost_id": "",
                "private_ipv4_address": "",
                "subnet_id": "subnet-00cb8c51fa8e2d3a2"
              },
              {
                "allocation_id": "",
                "ipv6_address": "",
                "outpost_id": "",
                "private_ipv4_address": "",
                "subnet_id": "subnet-019b5b1fb720a5d60"
              }
            ],
            "subnets": [
              "subnet-00cb8c51fa8e2d3a2",
              "subnet-019b5b1fb720a5d60"
            ],
            "tags": {
              "Name": "alprestamo-dev-alb"
            },
            "tags_all": {
              "Name": "alprestamo-dev-alb"
            },
            "timeouts": null,
            "vpc_id": "vpc-029b97b4aac97de0e",
            "xff_header_processing_mode": "append",
            "zone_id": "Z368ELLRRE2KJ0"
          },
          "sensitive_attributes": [],
          "private": "eyJlMmJmYjczMC1lY2FhLTExZTYtOGY4OC0zNDM2M2JjN2M0YzAiOnsiY3JlYXRlIjo2MDAwMDAwMDAwMDAsImRlbGV0ZSI6NjAwMDAwMDAwMDAwLCJ1cGRhdGUiOjYwMDAwMDAwMDAwMH19",
          "dependencies": [
            "module.vpc.aws_security_group.alprestamo-sg",
            "module.vpc.aws_subnet.dev-pub-alt-subnet",
            "module.vpc.aws_subnet.dev-pub-main-subnet",
            "module.vpc.aws_vpc.alprestamo-vpc"
          ]
        }
      ]
    },
    {
      "module": "module.ec2_alb",
      "mode": "managed",
      "type": "aws_lb_listener",
      "name": "alb_http_listener",
      "provider": "provider[\"registry.terraform.io/hashicorp/aws\"]",
      "instances": [
        {
          "schema_version": 0,
          "attributes": {
            "alpn_policy": null,
            "arn": "arn:aws:elasticloadbalancing:us-west-1:145628923514:listener/app/alprestamo-dev-alb/c4cea0825a3dfd9b/0dd67964e128dffb",
            "certificate_arn": null,
            "default_action": [
              {
                "authenticate_cognito": [],
                "authenticate_oidc": [],
                "fixed_response": [],
                "forward": [],
                "order": 1,
                "redirect": [
                  {
                    "host": "#{host}",
                    "path": "/#{path}",
                    "port": "443",
                    "protocol": "HTTPS",
                    "query": "#{query}",
                    "status_code": "HTTP_301"
                  }
                ],
                "target_group_arn": "",
                "type": "redirect"
              }
            ],
            "id": "arn:aws:elasticloadbalancing:us-west-1:145628923514:listener/app/alprestamo-dev-alb/c4cea0825a3dfd9b/0dd67964e128dffb",
            "load_balancer_arn": "arn:aws:elasticloadbalancing:us-west-1:145628923514:loadbalancer/app/alprestamo-dev-alb/c4cea0825a3dfd9b",
            "mutual_authentication": [],
            "port": 80,
            "protocol": "HTTP",
            "ssl_policy": "",
            "tags": {},
            "tags_all": {},
            "timeouts": null
          },
          "sensitive_attributes": [],
          "private": "eyJlMmJmYjczMC1lY2FhLTExZTYtOGY4OC0zNDM2M2JjN2M0YzAiOnsiY3JlYXRlIjozMDAwMDAwMDAwMDAsInVwZGF0ZSI6MzAwMDAwMDAwMDAwfX0=",
          "dependencies": [
            "module.ec2_alb.aws_lb.application_load_balancer",
            "module.vpc.aws_security_group.alprestamo-sg",
            "module.vpc.aws_subnet.dev-pub-alt-subnet",
            "module.vpc.aws_subnet.dev-pub-main-subnet",
            "module.vpc.aws_vpc.alprestamo-vpc"
          ]
        }
      ]
    },
    {
      "module": "module.ec2_alb",
      "mode": "managed",
      "type": "aws_lb_listener",
      "name": "alb_https_listener",
      "provider": "provider[\"registry.terraform.io/hashicorp/aws\"]",
      "instances": [
        {
          "schema_version": 0,
          "attributes": {
            "alpn_policy": null,
            "arn": "arn:aws:elasticloadbalancing:us-west-1:145628923514:listener/app/alprestamo-dev-alb/c4cea0825a3dfd9b/743a70e52828cca2",
            "certificate_arn": "arn:aws:acm:us-west-1:145628923514:certificate/b6953fda-67b2-4668-a619-cbf2cd9c9db3",
            "default_action": [
              {
                "authenticate_cognito": [],
                "authenticate_oidc": [],
                "fixed_response": [],
                "forward": [],
                "order": 1,
                "redirect": [],
                "target_group_arn": "arn:aws:elasticloadbalancing:us-west-1:145628923514:targetgroup/app-lando-test-dev-group/0c01efdd70ce1200",
                "type": "forward"
              }
            ],
            "id": "arn:aws:elasticloadbalancing:us-west-1:145628923514:listener/app/alprestamo-dev-alb/c4cea0825a3dfd9b/743a70e52828cca2",
            "load_balancer_arn": "arn:aws:elasticloadbalancing:us-west-1:145628923514:loadbalancer/app/alprestamo-dev-alb/c4cea0825a3dfd9b",
            "mutual_authentication": [
              {
                "ignore_client_certificate_expiry": false,
                "mode": "off",
                "trust_store_arn": ""
              }
            ],
            "port": 443,
            "protocol": "HTTPS",
            "ssl_policy": "ELBSecurityPolicy-2016-08",
            "tags": {},
            "tags_all": {},
            "timeouts": null
          },
          "sensitive_attributes": [],
          "private": "eyJlMmJmYjczMC1lY2FhLTExZTYtOGY4OC0zNDM2M2JjN2M0YzAiOnsiY3JlYXRlIjozMDAwMDAwMDAwMDAsInVwZGF0ZSI6MzAwMDAwMDAwMDAwfX0=",
          "dependencies": [
            "module.ec2_alb.aws_lb.application_load_balancer",
            "module.ec2_alb.aws_lb_target_group.lando_target_group",
            "module.vpc.aws_security_group.alprestamo-sg",
            "module.vpc.aws_subnet.dev-pub-alt-subnet",
            "module.vpc.aws_subnet.dev-pub-main-subnet",
            "module.vpc.aws_vpc.alprestamo-vpc"
          ]
        }
      ]
    },
    {
      "module": "module.ec2_alb",
      "mode": "managed",
      "type": "aws_lb_listener_rule",
      "name": "checo-rule",
      "provider": "provider[\"registry.terraform.io/hashicorp/aws\"]",
      "instances": [
        {
          "schema_version": 0,
          "attributes": {
            "action": [
              {
                "authenticate_cognito": [],
                "authenticate_oidc": [],
                "fixed_response": [],
                "forward": [],
                "order": 1,
                "redirect": [],
                "target_group_arn": "arn:aws:elasticloadbalancing:us-west-1:145628923514:targetgroup/app-checo-test-dev-group/ccaeaa64f4815c20",
                "type": "forward"
              }
            ],
            "arn": "arn:aws:elasticloadbalancing:us-west-1:145628923514:listener-rule/app/alprestamo-dev-alb/c4cea0825a3dfd9b/743a70e52828cca2/9e505520b418a525",
            "condition": [
              {
                "host_header": [
                  {
                    "values": [
                      "alprestamo-checo-dev.webhostingcloudtest.click"
                    ]
                  }
                ],
                "http_header": [],
                "http_request_method": [],
                "path_pattern": [],
                "query_string": [],
                "source_ip": []
              }
            ],
            "id": "arn:aws:elasticloadbalancing:us-west-1:145628923514:listener-rule/app/alprestamo-dev-alb/c4cea0825a3dfd9b/743a70e52828cca2/9e505520b418a525",
            "listener_arn": "arn:aws:elasticloadbalancing:us-west-1:145628923514:listener/app/alprestamo-dev-alb/c4cea0825a3dfd9b/743a70e52828cca2",
            "priority": 200,
            "tags": {},
            "tags_all": {}
          },
          "sensitive_attributes": [],
          "private": "bnVsbA==",
          "dependencies": [
            "module.ec2_alb.aws_lb.application_load_balancer",
            "module.ec2_alb.aws_lb_listener.alb_https_listener",
            "module.ec2_alb.aws_lb_target_group.checo_target_group",
            "module.ec2_alb.aws_lb_target_group.lando_target_group",
            "module.vpc.aws_security_group.alprestamo-sg",
            "module.vpc.aws_subnet.dev-pub-alt-subnet",
            "module.vpc.aws_subnet.dev-pub-main-subnet",
            "module.vpc.aws_vpc.alprestamo-vpc"
          ]
        }
      ]
    },
    {
      "module": "module.ec2_alb",
      "mode": "managed",
      "type": "aws_lb_listener_rule",
      "name": "lando-rule",
      "provider": "provider[\"registry.terraform.io/hashicorp/aws\"]",
      "instances": [
        {
          "schema_version": 0,
          "attributes": {
            "action": [
              {
                "authenticate_cognito": [],
                "authenticate_oidc": [],
                "fixed_response": [],
                "forward": [],
                "order": 1,
                "redirect": [],
                "target_group_arn": "arn:aws:elasticloadbalancing:us-west-1:145628923514:targetgroup/app-lando-test-dev-group/0c01efdd70ce1200",
                "type": "forward"
              }
            ],
            "arn": "arn:aws:elasticloadbalancing:us-west-1:145628923514:listener-rule/app/alprestamo-dev-alb/c4cea0825a3dfd9b/743a70e52828cca2/c3556285e024606c",
            "condition": [
              {
                "host_header": [
                  {
                    "values": [
                      "alprestamo-lando-dev.webhostingcloudtest.click"
                    ]
                  }
                ],
                "http_header": [],
                "http_request_method": [],
                "path_pattern": [],
                "query_string": [],
                "source_ip": []
              }
            ],
            "id": "arn:aws:elasticloadbalancing:us-west-1:145628923514:listener-rule/app/alprestamo-dev-alb/c4cea0825a3dfd9b/743a70e52828cca2/c3556285e024606c",
            "listener_arn": "arn:aws:elasticloadbalancing:us-west-1:145628923514:listener/app/alprestamo-dev-alb/c4cea0825a3dfd9b/743a70e52828cca2",
            "priority": 100,
            "tags": {},
            "tags_all": {}
          },
          "sensitive_attributes": [],
          "private": "bnVsbA==",
          "dependencies": [
            "module.ec2_alb.aws_lb.application_load_balancer",
            "module.ec2_alb.aws_lb_listener.alb_https_listener",
            "module.ec2_alb.aws_lb_target_group.lando_target_group",
            "module.vpc.aws_security_group.alprestamo-sg",
            "module.vpc.aws_subnet.dev-pub-alt-subnet",
            "module.vpc.aws_subnet.dev-pub-main-subnet",
            "module.vpc.aws_vpc.alprestamo-vpc"
          ]
        }
      ]
    },
    {
      "module": "module.ec2_alb",
      "mode": "managed",
      "type": "aws_lb_listener_rule",
      "name": "lewis-rule",
      "provider": "provider[\"registry.terraform.io/hashicorp/aws\"]",
      "instances": [
        {
          "schema_version": 0,
          "attributes": {
            "action": [
              {
                "authenticate_cognito": [],
                "authenticate_oidc": [],
                "fixed_response": [],
                "forward": [],
                "order": 1,
                "redirect": [],
                "target_group_arn": "arn:aws:elasticloadbalancing:us-west-1:145628923514:targetgroup/app-lewis-test-dev-group/bdfb2390dcac557b",
                "type": "forward"
              }
            ],
            "arn": "arn:aws:elasticloadbalancing:us-west-1:145628923514:listener-rule/app/alprestamo-dev-alb/c4cea0825a3dfd9b/743a70e52828cca2/010cfff969e4a557",
            "condition": [
              {
                "host_header": [
                  {
                    "values": [
                      "alprestamo-lewis-dev.webhostingcloudtest.click"
                    ]
                  }
                ],
                "http_header": [],
                "http_request_method": [],
                "path_pattern": [],
                "query_string": [],
                "source_ip": []
              }
            ],
            "id": "arn:aws:elasticloadbalancing:us-west-1:145628923514:listener-rule/app/alprestamo-dev-alb/c4cea0825a3dfd9b/743a70e52828cca2/010cfff969e4a557",
            "listener_arn": "arn:aws:elasticloadbalancing:us-west-1:145628923514:listener/app/alprestamo-dev-alb/c4cea0825a3dfd9b/743a70e52828cca2",
            "priority": 300,
            "tags": {},
            "tags_all": {}
          },
          "sensitive_attributes": [],
          "private": "bnVsbA==",
          "dependencies": [
            "module.ec2_alb.aws_lb.application_load_balancer",
            "module.ec2_alb.aws_lb_listener.alb_https_listener",
            "module.ec2_alb.aws_lb_target_group.lando_target_group",
            "module.ec2_alb.aws_lb_target_group.lewis_target_group",
            "module.vpc.aws_security_group.alprestamo-sg",
            "module.vpc.aws_subnet.dev-pub-alt-subnet",
            "module.vpc.aws_subnet.dev-pub-main-subnet",
            "module.vpc.aws_vpc.alprestamo-vpc"
          ]
        }
      ]
    },
    {
      "module": "module.ec2_alb",
      "mode": "managed",
      "type": "aws_lb_target_group",
      "name": "checo_target_group",
      "provider": "provider[\"registry.terraform.io/hashicorp/aws\"]",
      "instances": [
        {
          "schema_version": 0,
          "attributes": {
            "arn": "arn:aws:elasticloadbalancing:us-west-1:145628923514:targetgroup/app-checo-test-dev-group/ccaeaa64f4815c20",
            "arn_suffix": "targetgroup/app-checo-test-dev-group/ccaeaa64f4815c20",
            "connection_termination": null,
            "deregistration_delay": "300",
            "health_check": [
              {
                "enabled": true,
                "healthy_threshold": 5,
                "interval": 300,
                "matcher": "200",
                "path": "/",
                "port": "traffic-port",
                "protocol": "HTTP",
                "timeout": 60,
                "unhealthy_threshold": 5
              }
            ],
            "id": "arn:aws:elasticloadbalancing:us-west-1:145628923514:targetgroup/app-checo-test-dev-group/ccaeaa64f4815c20",
            "ip_address_type": "ipv4",
            "lambda_multi_value_headers_enabled": false,
            "load_balancing_algorithm_type": "round_robin",
            "load_balancing_cross_zone_enabled": "use_load_balancer_configuration",
            "name": "app-checo-test-dev-group",
            "name_prefix": "",
            "port": 80,
            "preserve_client_ip": null,
            "protocol": "HTTP",
            "protocol_version": "HTTP1",
            "proxy_protocol_v2": false,
            "slow_start": 0,
            "stickiness": [
              {
                "cookie_duration": 86400,
                "cookie_name": "",
                "enabled": false,
                "type": "lb_cookie"
              }
            ],
            "tags": {},
            "tags_all": {},
            "target_failover": [
              {
                "on_deregistration": null,
                "on_unhealthy": null
              }
            ],
            "target_health_state": [
              {
                "enable_unhealthy_connection_termination": null
              }
            ],
            "target_type": "ip",
            "vpc_id": "vpc-029b97b4aac97de0e"
          },
          "sensitive_attributes": [],
          "private": "bnVsbA==",
          "dependencies": [
            "module.vpc.aws_vpc.alprestamo-vpc"
          ],
          "create_before_destroy": true
        }
      ]
    },
    {
      "module": "module.ec2_alb",
      "mode": "managed",
      "type": "aws_lb_target_group",
      "name": "lando_target_group",
      "provider": "provider[\"registry.terraform.io/hashicorp/aws\"]",
      "instances": [
        {
          "schema_version": 0,
          "attributes": {
            "arn": "arn:aws:elasticloadbalancing:us-west-1:145628923514:targetgroup/app-lando-test-dev-group/0c01efdd70ce1200",
            "arn_suffix": "targetgroup/app-lando-test-dev-group/0c01efdd70ce1200",
            "connection_termination": null,
            "deregistration_delay": "300",
            "health_check": [
              {
                "enabled": true,
                "healthy_threshold": 5,
                "interval": 300,
                "matcher": "200",
                "path": "/",
                "port": "traffic-port",
                "protocol": "HTTP",
                "timeout": 60,
                "unhealthy_threshold": 5
              }
            ],
            "id": "arn:aws:elasticloadbalancing:us-west-1:145628923514:targetgroup/app-lando-test-dev-group/0c01efdd70ce1200",
            "ip_address_type": "ipv4",
            "lambda_multi_value_headers_enabled": false,
            "load_balancing_algorithm_type": "round_robin",
            "load_balancing_cross_zone_enabled": "use_load_balancer_configuration",
            "name": "app-lando-test-dev-group",
            "name_prefix": "",
            "port": 80,
            "preserve_client_ip": null,
            "protocol": "HTTP",
            "protocol_version": "HTTP1",
            "proxy_protocol_v2": false,
            "slow_start": 0,
            "stickiness": [
              {
                "cookie_duration": 86400,
                "cookie_name": "",
                "enabled": false,
                "type": "lb_cookie"
              }
            ],
            "tags": {},
            "tags_all": {},
            "target_failover": [
              {
                "on_deregistration": null,
                "on_unhealthy": null
              }
            ],
            "target_health_state": [
              {
                "enable_unhealthy_connection_termination": null
              }
            ],
            "target_type": "ip",
            "vpc_id": "vpc-029b97b4aac97de0e"
          },
          "sensitive_attributes": [],
          "private": "bnVsbA==",
          "dependencies": [
            "module.vpc.aws_vpc.alprestamo-vpc"
          ],
          "create_before_destroy": true
        }
      ]
    },
    {
      "module": "module.ec2_alb",
      "mode": "managed",
      "type": "aws_lb_target_group",
      "name": "lewis_target_group",
      "provider": "provider[\"registry.terraform.io/hashicorp/aws\"]",
      "instances": [
        {
          "schema_version": 0,
          "attributes": {
            "arn": "arn:aws:elasticloadbalancing:us-west-1:145628923514:targetgroup/app-lewis-test-dev-group/bdfb2390dcac557b",
            "arn_suffix": "targetgroup/app-lewis-test-dev-group/bdfb2390dcac557b",
            "connection_termination": null,
            "deregistration_delay": "300",
            "health_check": [
              {
                "enabled": true,
                "healthy_threshold": 5,
                "interval": 300,
                "matcher": "200",
                "path": "/",
                "port": "traffic-port",
                "protocol": "HTTP",
                "timeout": 60,
                "unhealthy_threshold": 5
              }
            ],
            "id": "arn:aws:elasticloadbalancing:us-west-1:145628923514:targetgroup/app-lewis-test-dev-group/bdfb2390dcac557b",
            "ip_address_type": "ipv4",
            "lambda_multi_value_headers_enabled": false,
            "load_balancing_algorithm_type": "round_robin",
            "load_balancing_cross_zone_enabled": "use_load_balancer_configuration",
            "name": "app-lewis-test-dev-group",
            "name_prefix": "",
            "port": 80,
            "preserve_client_ip": null,
            "protocol": "HTTP",
            "protocol_version": "HTTP1",
            "proxy_protocol_v2": false,
            "slow_start": 0,
            "stickiness": [
              {
                "cookie_duration": 86400,
                "cookie_name": "",
                "enabled": false,
                "type": "lb_cookie"
              }
            ],
            "tags": {},
            "tags_all": {},
            "target_failover": [
              {
                "on_deregistration": null,
                "on_unhealthy": null
              }
            ],
            "target_health_state": [
              {
                "enable_unhealthy_connection_termination": null
              }
            ],
            "target_type": "ip",
            "vpc_id": "vpc-029b97b4aac97de0e"
          },
          "sensitive_attributes": [],
          "private": "bnVsbA==",
          "dependencies": [
            "module.vpc.aws_vpc.alprestamo-vpc"
          ],
          "create_before_destroy": true
        }
      ]
    },
    {
      "module": "module.ec2_alb",
      "mode": "managed",
      "type": "local_file",
      "name": "alprestamo",
      "provider": "provider[\"registry.terraform.io/hashicorp/local\"]",
      "instances": [
        {
          "schema_version": 0,
          "attributes": {
            "content": "-----BEGIN RSA PRIVATE KEY-----\nMIIJKgIBAAKCAgEAvn+zrP1QmvQP8xtTGEsbf4w7y7YUsXJYxpmOHyGU8GHCzE+e\nXySmWuIgKBeIfMLaLV4DdUiHpQJskZ6sJ1D4JyukY8Qyis3Uz2k00sknOpD3ZHtG\nwJrsXfX1xqexpUvZGRfxRUzfF9mx518f0D0/cs8cDIFhgWhp93Er48FzBvqrwwLp\nY6wicJOojCAKsHwNayM+K6IEP6eKr9ZmUyeEGV8LOfam1eqww+F3qMp80N/30fui\nPVOqQ6BU0KfJwzpKG//eEL6csthGnOitobPnDfBnv+1elPzDB2Dl+S7EV1v1xpAi\nljvJgyjxN/vCMsfGY/s4RaAkmm1hxGA6LjxQCwVXjXtG8Oe+3R9rZUEloJImWzAT\nD6y319eEyzFPgOFYI3WECKDD2EULz44/+0p6BCWV/OvQhgdifHPEMOPOOdqEwp6k\nO9P0n905lhEHAlDUnepinN/P2pgjKlDEu0/mTff/qh9xyHkgjxWhO9WIYra7RMVs\nxsyY8cgT4+SoiZ+U+gsXUamE8Ups4O8OlcArAi6nu8nSCOopxEIwX7RTft5/9Fid\n60ZlYVLcYF8VfaQL7DC8xqGicY4NEU+dzteX+PKg5H/gS+UKE/2h2lL0vfBN+4rG\nq3OJNvoqqPc2No2GtPEwxHCbROshJEJg6DExLUg5f9vPKqrP51h+THAMZSUCAwEA\nAQKCAgEAjJHfG/+wwyblvhajsoF5wRzR4vhxPJ+MMsCMxxwYs2jwPaNi0gJRXy8N\nW4hCBw4hwOhm1Ny4e2LWin3zuu9crkrd+2CDizlnl8WiXQhiEi124Ia3JtkrIgql\nWfnUdI0LniC0wNaAqTDSvlDLQPZxI18A65ltQfiyeQzhvia5oqTGqhgz8IDMyRWs\ngfoC6Ugg/rX64mejivUuuaITz7iRGcewmQ0Q/zk3RtPRYJRKljcuv5xXk7lxIoXl\nEDNABve0SAT+8Iw3RSGiuZZYycHe9cI4TL/z0yzRHVi7WqzP5UbOjb8+Rm3HvSkx\nFoaIPsB7/LscQwRw/iNIyYfYZtXKmZE7JFMU6JesrSTWZSafVZIRFuMU9WgCOJAz\nE5FijUzKIHCQOe6sT4bM8dXNGTBBUvUwKrNM7ixkhuxJWdnkw1jbA+Fil0BtXZXN\nZHeWD0xlp9DW9I9ooeJU8QAJOqChjzixF7WgeK10Ba9qsjOIooa0m+78G85q5nRU\nCg3nWPqTHGA4dSP+TexCZSampZkWZ0aMQQCv29eLbsdYUjSCxMYOq1/qa3qgHw3c\n0DeP0pVpKTi6xbOsIau+WFAzCga7gCFg5KdC8teAIpVjEZgFo5hKg0GiSMiwq4Z3\nsVLIeg7wZDmlq6FVK1M5MeVFhOM5drXlEYzHepw1l2P/2JumWgECggEBANXkwwKq\neQvgjEZjxVDvL9IECei6N/k8H7T8fOKzPsKf9boUS/olUprqS+tHZAcMDVpxkFY3\nwk1ni4+3IyaFn6bJhB9R6G4LUQ55nhJ89Ph/v6Zq5aGkJ6aftAeepNyS/HQ/960/\nAngcNGXBiYl83MuaEt+z0TAcwOUwtFsQTWi2ysJ7nCLAZrHukKPHuF7p3LQh8hvv\nVs1RXRao5VL5pv/L5BV6Ad+tRoVnoz4Ki+n1GZT9AUR++qfGsgmoEFNP94kVXdfV\nnxX+KaWCCn4CPj6znArySdsfSQBn1RoHiuBmbUIvE36GSgkWU1bqbxJc38sRy6CV\n1/kWAMxu7xGL7xUCggEBAOP/9AZjqJ7mdrMmp/VFUznPWcTOkgK4ZwYN+10wO5oK\n/FbE7hP5SSGdw1CmcGamkVVEsdlbb3HjSuusIGXswwoGujfNWKz9sDGTqNwjcj/0\nX/I9kCnQz6PvsEcP1yD6DCKOW7jV6TT/K8nU7mZUKXlXpE4yh10CwB1mj53/3ocu\nsh/inYiHNbbw0WkntzmNX22hO3zBjgjRbJ5MxijUu77sYVNp+z7vMSGVReSx9SEl\nnBhceIIvKrbYCAq8/BU2eqG8nnSspiWidIrUGN4ZRXmK+0ePjR1MIsoZ8NFQprl6\notmvNaw+f/ENX04ud+NsHSEx/274EP3ItCSwpdoqodECggEAVMqG8/uYWLj/YrgS\ndG8dSegH9ZY8sjS/bQPajhP4gTbgNo/tPpClGnxe9Dos0Q5aDMyQJ12bTQwLK0Gy\nUYcPLxMbqT7TISyjSVW08CdRBWG/G72solNs1ITi3VJqkHZEVeE10hv0YqDrtJrw\nZux0qtG9QakK+EOtxC12kdL4nNY5srdFwhD7pPWpqQN3d0jGETKTw7cxddsXR/BU\nWHxXU3gERu9C5uTN2/ylneaYaHqdVY6mffzIaNI/qcxSDHTa8CDkPreUhSdoYxAW\nELXa7whMh5pc5NyWF+8Rb2wmBacVEPOQisu5dbi/+Oied20R2nKHgnVkVH4AewpP\nA2mxsQKCAQEAySOMS/avUz9NiE6Z7a7y9RUPxKfX975mZNkA3/0lF4iJhKLGxagt\n9BIRtJygnG5l2Ct6Gp6nenliJvb6vfBZQAcfUQs/J53GSnZRiaNbr0APRM062Sj1\nhVJ22LoIt3bgLbwY/r73tWFHaA8JIg0taXb/5Fx/PnamtUk9ec24qtlvGuH4x/FA\nWdupYnM/GO63OSf8Kts2SmE2yZBBYNQLrSsr0UK1+5dYaKAfwNmdv1hGlNc/GNoz\nfIqozZBbcvtUxEp6H8QP7zOaTL9AEO+KcudBNqhVfXslVdX8tSvJaefestv3JbUd\nebKqWXZ1HZTLPfW1ulft5XWiNpwANK9XgQKCAQEAgjGw/esuudWhwZDlBPHRpYbB\nluywvGY4MKKMECVfwVTev7DbCAQQrwbbQJQ8/4i9MTeEIWOBJ/sXcmSMFMzdwP5v\nvzxCISM4FxC7o/Zl7A0OcQUkGJak/kzsqcQa61lodbdPaOtT+dHjb8G9+jY5kx1D\nWISdWZUimOmRruU/OCgmn/SIYYuB07jwdDdeiTILIoBxqrDBTPU7f3pyjY8VsRfx\nPhi9JwE7cJgOdtzEQqAav67h7m5hRVSLHszrodufHUQi91McYQoEc7lf98sxK51f\nUMcdI8FVg6Dtdjk/r41qbI72+ZRG8noJc0P3B4L0f8DPQibkMggidt8P4E0eGA==\n-----END RSA PRIVATE KEY-----\n",
            "content_base64": null,
            "content_base64sha256": "kQedPgl1NPs2Sf1a5ZL/G9KoXvLBJHr7yHwKr41utWw=",
            "content_base64sha512": "a61CE89MFx6/YaeppIkWJY9wh/rjFxxpi9HZYAxpu8xKloSQCuwfqvduNqqzdQ/jwDtiGjs5LX+heV7fKTn36A==",
            "content_md5": "310a0d0d86ff00f42ad144d36eebdf94",
            "content_sha1": "df29aa8212fc9f21d03b913c97a2aed7409e2afc",
            "content_sha256": "91079d3e097534fb3649fd5ae592ff1bd2a85ef2c1247afbc87c0aaf8d6eb56c",
            "content_sha512": "6bad4213cf4c171ebf61a7a9a48916258f7087fae3171c698bd1d9600c69bbcc4a9684900aec1faaf76e36aab3750fe3c03b621a3b392d7fa1795edf2939f7e8",
            "directory_permission": "0777",
            "file_permission": "0777",
            "filename": "alprestamo",
            "id": "df29aa8212fc9f21d03b913c97a2aed7409e2afc",
            "sensitive_content": null,
            "source": null
          },
          "sensitive_attributes": [
            [
              {
                "type": "get_attr",
                "value": "content"
              }
            ]
          ],
          "dependencies": [
            "module.ec2_alb.tls_private_key.alprestamo"
          ]
        }
      ]
    },
    {
      "module": "module.ec2_alb",
      "mode": "managed",
      "type": "tls_private_key",
      "name": "alprestamo",
      "provider": "provider[\"registry.terraform.io/hashicorp/tls\"]",
      "instances": [
        {
          "schema_version": 1,
          "attributes": {
            "algorithm": "RSA",
            "ecdsa_curve": "P224",
            "id": "0e12765fa0105598f577d472157ca0d0e457796b",
            "private_key_openssh": "-----BEGIN OPENSSH PRIVATE KEY-----\nb3BlbnNzaC1rZXktdjEAAAAABG5vbmUAAAAEbm9uZQAAAAAAAAABAAACFwAAAAdz\nc2gtcnNhAAAAAwEAAQAAAgEAvn+zrP1QmvQP8xtTGEsbf4w7y7YUsXJYxpmOHyGU\n8GHCzE+eXySmWuIgKBeIfMLaLV4DdUiHpQJskZ6sJ1D4JyukY8Qyis3Uz2k00skn\nOpD3ZHtGwJrsXfX1xqexpUvZGRfxRUzfF9mx518f0D0/cs8cDIFhgWhp93Er48Fz\nBvqrwwLpY6wicJOojCAKsHwNayM+K6IEP6eKr9ZmUyeEGV8LOfam1eqww+F3qMp8\n0N/30fuiPVOqQ6BU0KfJwzpKG//eEL6csthGnOitobPnDfBnv+1elPzDB2Dl+S7E\nV1v1xpAiljvJgyjxN/vCMsfGY/s4RaAkmm1hxGA6LjxQCwVXjXtG8Oe+3R9rZUEl\noJImWzATD6y319eEyzFPgOFYI3WECKDD2EULz44/+0p6BCWV/OvQhgdifHPEMOPO\nOdqEwp6kO9P0n905lhEHAlDUnepinN/P2pgjKlDEu0/mTff/qh9xyHkgjxWhO9WI\nYra7RMVsxsyY8cgT4+SoiZ+U+gsXUamE8Ups4O8OlcArAi6nu8nSCOopxEIwX7RT\nft5/9Fid60ZlYVLcYF8VfaQL7DC8xqGicY4NEU+dzteX+PKg5H/gS+UKE/2h2lL0\nvfBN+4rGq3OJNvoqqPc2No2GtPEwxHCbROshJEJg6DExLUg5f9vPKqrP51h+THAM\nZSUAAAc4sD9Qc7A/UHMAAAAHc3NoLXJzYQAAAgEAvn+zrP1QmvQP8xtTGEsbf4w7\ny7YUsXJYxpmOHyGU8GHCzE+eXySmWuIgKBeIfMLaLV4DdUiHpQJskZ6sJ1D4Jyuk\nY8Qyis3Uz2k00sknOpD3ZHtGwJrsXfX1xqexpUvZGRfxRUzfF9mx518f0D0/cs8c\nDIFhgWhp93Er48FzBvqrwwLpY6wicJOojCAKsHwNayM+K6IEP6eKr9ZmUyeEGV8L\nOfam1eqww+F3qMp80N/30fuiPVOqQ6BU0KfJwzpKG//eEL6csthGnOitobPnDfBn\nv+1elPzDB2Dl+S7EV1v1xpAiljvJgyjxN/vCMsfGY/s4RaAkmm1hxGA6LjxQCwVX\njXtG8Oe+3R9rZUEloJImWzATD6y319eEyzFPgOFYI3WECKDD2EULz44/+0p6BCWV\n/OvQhgdifHPEMOPOOdqEwp6kO9P0n905lhEHAlDUnepinN/P2pgjKlDEu0/mTff/\nqh9xyHkgjxWhO9WIYra7RMVsxsyY8cgT4+SoiZ+U+gsXUamE8Ups4O8OlcArAi6n\nu8nSCOopxEIwX7RTft5/9Fid60ZlYVLcYF8VfaQL7DC8xqGicY4NEU+dzteX+PKg\n5H/gS+UKE/2h2lL0vfBN+4rGq3OJNvoqqPc2No2GtPEwxHCbROshJEJg6DExLUg5\nf9vPKqrP51h+THAMZSUAAAADAQABAAACAQCMkd8b/7DDJuW+FqOygXnBHNHi+HE8\nn4wywIzHHBizaPA9o2LSAlFfLw1biEIHDiHA6GbU3Lh7YtaKffO671yuSt37YIOL\nOWeXxaJdCGISLXbghrcm2SsiCqVZ+dR0jQueILTA1oCpMNK+UMtA9nEjXwDrmW1B\n+LJ5DOG+JrmipMaqGDPwgMzJFayB+gLpSCD+tfriZ6OK9S65ohPPuJEZx7CZDRD/\nOTdG09FglEqWNy6/nFeTuXEiheUQM0AG97RIBP7wjDdFIaK5lljJwd71wjhMv/PT\nLNEdWLtarM/lRs6Nvz5Gbce9KTEWhog+wHv8uxxDBHD+I0jJh9hm1cqZkTskUxTo\nl6ytJNZlJp9VkhEW4xT1aAI4kDMTkWKNTMogcJA57qxPhszx1c0ZMEFS9TAqs0zu\nLGSG7ElZ2eTDWNsD4WKXQG1dlc1kd5YPTGWn0Nb0j2ih4lTxAAk6oKGPOLEXtaB4\nrXQFr2qyM4iihrSb7vwbzmrmdFQKDedY+pMcYDh1I/5N7EJlJqalmRZnRoxBAK/b\n14tux1hSNILExg6rX+preqAfDdzQN4/SlWkpOLrFs6whq75YUDMKBruAIWDkp0Ly\n14AilWMRmAWjmEqDQaJIyLCrhnexUsh6DvBkOaWroVUrUzkx5UWE4zl2teURjMd6\nnDWXY//Ym6ZaAQAAAQEAgjGw/esuudWhwZDlBPHRpYbBluywvGY4MKKMECVfwVTe\nv7DbCAQQrwbbQJQ8/4i9MTeEIWOBJ/sXcmSMFMzdwP5vvzxCISM4FxC7o/Zl7A0O\ncQUkGJak/kzsqcQa61lodbdPaOtT+dHjb8G9+jY5kx1DWISdWZUimOmRruU/OCgm\nn/SIYYuB07jwdDdeiTILIoBxqrDBTPU7f3pyjY8VsRfxPhi9JwE7cJgOdtzEQqAa\nv67h7m5hRVSLHszrodufHUQi91McYQoEc7lf98sxK51fUMcdI8FVg6Dtdjk/r41q\nbI72+ZRG8noJc0P3B4L0f8DPQibkMggidt8P4E0eGAAAAQEA1eTDAqp5C+CMRmPF\nUO8v0gQJ6Lo3+TwftPx84rM+wp/1uhRL+iVSmupL60dkBwwNWnGQVjfCTWeLj7cj\nJoWfpsmEH1HobgtRDnmeEnz0+H+/pmrloaQnpp+0B56k3JL8dD/3rT8CeBw0ZcGJ\niXzcy5oS37PRMBzA5TC0WxBNaLbKwnucIsBmse6Qo8e4XunctCHyG+9WzVFdFqjl\nUvmm/8vkFXoB361GhWejPgqL6fUZlP0BRH76p8ayCagQU0/3iRVd19WfFf4ppYIK\nfgI+PrOcCvJJ2x9JAGfVGgeK4GZtQi8TfoZKCRZTVupvElzfyxHLoJXX+RYAzG7v\nEYvvFQAAAQEA4//0BmOonuZ2syan9UVTOc9ZxM6SArhnBg37XTA7mgr8VsTuE/lJ\nIZ3DUKZwZqaRVUSx2VtvceNK66wgZezDCga6N81YrP2wMZOo3CNyP/Rf8j2QKdDP\no++wRw/XIPoMIo5buNXpNP8rydTuZlQpeVekTjKHXQLAHWaPnf/ehy6yH+KdiIc1\ntvDRaSe3OY1fbaE7fMGOCNFsnkzGKNS7vuxhU2n7Pu8xIZVF5LH1ISWcGFx4gi8q\nttgICrz8FTZ6obyedKymJaJ0itQY3hlFeYr7R4+NHUwiyhnw0VCmuXqi2a81rD5/\n8Q1fTi5342wdITH/bvgQ/ci0JLCl2iqh0QAAAAAB\n-----END OPENSSH PRIVATE KEY-----\n",
            "private_key_pem": "-----BEGIN RSA PRIVATE KEY-----\nMIIJKgIBAAKCAgEAvn+zrP1QmvQP8xtTGEsbf4w7y7YUsXJYxpmOHyGU8GHCzE+e\nXySmWuIgKBeIfMLaLV4DdUiHpQJskZ6sJ1D4JyukY8Qyis3Uz2k00sknOpD3ZHtG\nwJrsXfX1xqexpUvZGRfxRUzfF9mx518f0D0/cs8cDIFhgWhp93Er48FzBvqrwwLp\nY6wicJOojCAKsHwNayM+K6IEP6eKr9ZmUyeEGV8LOfam1eqww+F3qMp80N/30fui\nPVOqQ6BU0KfJwzpKG//eEL6csthGnOitobPnDfBnv+1elPzDB2Dl+S7EV1v1xpAi\nljvJgyjxN/vCMsfGY/s4RaAkmm1hxGA6LjxQCwVXjXtG8Oe+3R9rZUEloJImWzAT\nD6y319eEyzFPgOFYI3WECKDD2EULz44/+0p6BCWV/OvQhgdifHPEMOPOOdqEwp6k\nO9P0n905lhEHAlDUnepinN/P2pgjKlDEu0/mTff/qh9xyHkgjxWhO9WIYra7RMVs\nxsyY8cgT4+SoiZ+U+gsXUamE8Ups4O8OlcArAi6nu8nSCOopxEIwX7RTft5/9Fid\n60ZlYVLcYF8VfaQL7DC8xqGicY4NEU+dzteX+PKg5H/gS+UKE/2h2lL0vfBN+4rG\nq3OJNvoqqPc2No2GtPEwxHCbROshJEJg6DExLUg5f9vPKqrP51h+THAMZSUCAwEA\nAQKCAgEAjJHfG/+wwyblvhajsoF5wRzR4vhxPJ+MMsCMxxwYs2jwPaNi0gJRXy8N\nW4hCBw4hwOhm1Ny4e2LWin3zuu9crkrd+2CDizlnl8WiXQhiEi124Ia3JtkrIgql\nWfnUdI0LniC0wNaAqTDSvlDLQPZxI18A65ltQfiyeQzhvia5oqTGqhgz8IDMyRWs\ngfoC6Ugg/rX64mejivUuuaITz7iRGcewmQ0Q/zk3RtPRYJRKljcuv5xXk7lxIoXl\nEDNABve0SAT+8Iw3RSGiuZZYycHe9cI4TL/z0yzRHVi7WqzP5UbOjb8+Rm3HvSkx\nFoaIPsB7/LscQwRw/iNIyYfYZtXKmZE7JFMU6JesrSTWZSafVZIRFuMU9WgCOJAz\nE5FijUzKIHCQOe6sT4bM8dXNGTBBUvUwKrNM7ixkhuxJWdnkw1jbA+Fil0BtXZXN\nZHeWD0xlp9DW9I9ooeJU8QAJOqChjzixF7WgeK10Ba9qsjOIooa0m+78G85q5nRU\nCg3nWPqTHGA4dSP+TexCZSampZkWZ0aMQQCv29eLbsdYUjSCxMYOq1/qa3qgHw3c\n0DeP0pVpKTi6xbOsIau+WFAzCga7gCFg5KdC8teAIpVjEZgFo5hKg0GiSMiwq4Z3\nsVLIeg7wZDmlq6FVK1M5MeVFhOM5drXlEYzHepw1l2P/2JumWgECggEBANXkwwKq\neQvgjEZjxVDvL9IECei6N/k8H7T8fOKzPsKf9boUS/olUprqS+tHZAcMDVpxkFY3\nwk1ni4+3IyaFn6bJhB9R6G4LUQ55nhJ89Ph/v6Zq5aGkJ6aftAeepNyS/HQ/960/\nAngcNGXBiYl83MuaEt+z0TAcwOUwtFsQTWi2ysJ7nCLAZrHukKPHuF7p3LQh8hvv\nVs1RXRao5VL5pv/L5BV6Ad+tRoVnoz4Ki+n1GZT9AUR++qfGsgmoEFNP94kVXdfV\nnxX+KaWCCn4CPj6znArySdsfSQBn1RoHiuBmbUIvE36GSgkWU1bqbxJc38sRy6CV\n1/kWAMxu7xGL7xUCggEBAOP/9AZjqJ7mdrMmp/VFUznPWcTOkgK4ZwYN+10wO5oK\n/FbE7hP5SSGdw1CmcGamkVVEsdlbb3HjSuusIGXswwoGujfNWKz9sDGTqNwjcj/0\nX/I9kCnQz6PvsEcP1yD6DCKOW7jV6TT/K8nU7mZUKXlXpE4yh10CwB1mj53/3ocu\nsh/inYiHNbbw0WkntzmNX22hO3zBjgjRbJ5MxijUu77sYVNp+z7vMSGVReSx9SEl\nnBhceIIvKrbYCAq8/BU2eqG8nnSspiWidIrUGN4ZRXmK+0ePjR1MIsoZ8NFQprl6\notmvNaw+f/ENX04ud+NsHSEx/274EP3ItCSwpdoqodECggEAVMqG8/uYWLj/YrgS\ndG8dSegH9ZY8sjS/bQPajhP4gTbgNo/tPpClGnxe9Dos0Q5aDMyQJ12bTQwLK0Gy\nUYcPLxMbqT7TISyjSVW08CdRBWG/G72solNs1ITi3VJqkHZEVeE10hv0YqDrtJrw\nZux0qtG9QakK+EOtxC12kdL4nNY5srdFwhD7pPWpqQN3d0jGETKTw7cxddsXR/BU\nWHxXU3gERu9C5uTN2/ylneaYaHqdVY6mffzIaNI/qcxSDHTa8CDkPreUhSdoYxAW\nELXa7whMh5pc5NyWF+8Rb2wmBacVEPOQisu5dbi/+Oied20R2nKHgnVkVH4AewpP\nA2mxsQKCAQEAySOMS/avUz9NiE6Z7a7y9RUPxKfX975mZNkA3/0lF4iJhKLGxagt\n9BIRtJygnG5l2Ct6Gp6nenliJvb6vfBZQAcfUQs/J53GSnZRiaNbr0APRM062Sj1\nhVJ22LoIt3bgLbwY/r73tWFHaA8JIg0taXb/5Fx/PnamtUk9ec24qtlvGuH4x/FA\nWdupYnM/GO63OSf8Kts2SmE2yZBBYNQLrSsr0UK1+5dYaKAfwNmdv1hGlNc/GNoz\nfIqozZBbcvtUxEp6H8QP7zOaTL9AEO+KcudBNqhVfXslVdX8tSvJaefestv3JbUd\nebKqWXZ1HZTLPfW1ulft5XWiNpwANK9XgQKCAQEAgjGw/esuudWhwZDlBPHRpYbB\nluywvGY4MKKMECVfwVTev7DbCAQQrwbbQJQ8/4i9MTeEIWOBJ/sXcmSMFMzdwP5v\nvzxCISM4FxC7o/Zl7A0OcQUkGJak/kzsqcQa61lodbdPaOtT+dHjb8G9+jY5kx1D\nWISdWZUimOmRruU/OCgmn/SIYYuB07jwdDdeiTILIoBxqrDBTPU7f3pyjY8VsRfx\nPhi9JwE7cJgOdtzEQqAav67h7m5hRVSLHszrodufHUQi91McYQoEc7lf98sxK51f\nUMcdI8FVg6Dtdjk/r41qbI72+ZRG8noJc0P3B4L0f8DPQibkMggidt8P4E0eGA==\n-----END RSA PRIVATE KEY-----\n",
            "private_key_pem_pkcs8": "-----BEGIN PRIVATE KEY-----\nMIIJRAIBADANBgkqhkiG9w0BAQEFAASCCS4wggkqAgEAAoICAQC+f7Os/VCa9A/z\nG1MYSxt/jDvLthSxcljGmY4fIZTwYcLMT55fJKZa4iAoF4h8wtotXgN1SIelAmyR\nnqwnUPgnK6RjxDKKzdTPaTTSySc6kPdke0bAmuxd9fXGp7GlS9kZF/FFTN8X2bHn\nXx/QPT9yzxwMgWGBaGn3cSvjwXMG+qvDAuljrCJwk6iMIAqwfA1rIz4rogQ/p4qv\n1mZTJ4QZXws59qbV6rDD4XeoynzQ3/fR+6I9U6pDoFTQp8nDOkob/94Qvpyy2Eac\n6K2hs+cN8Ge/7V6U/MMHYOX5LsRXW/XGkCKWO8mDKPE3+8Iyx8Zj+zhFoCSabWHE\nYDouPFALBVeNe0bw577dH2tlQSWgkiZbMBMPrLfX14TLMU+A4VgjdYQIoMPYRQvP\njj/7SnoEJZX869CGB2J8c8Qw48452oTCnqQ70/Sf3TmWEQcCUNSd6mKc38/amCMq\nUMS7T+ZN9/+qH3HIeSCPFaE71YhitrtExWzGzJjxyBPj5KiJn5T6CxdRqYTxSmzg\n7w6VwCsCLqe7ydII6inEQjBftFN+3n/0WJ3rRmVhUtxgXxV9pAvsMLzGoaJxjg0R\nT53O15f48qDkf+BL5QoT/aHaUvS98E37isarc4k2+iqo9zY2jYa08TDEcJtE6yEk\nQmDoMTEtSDl/288qqs/nWH5McAxlJQIDAQABAoICAQCMkd8b/7DDJuW+FqOygXnB\nHNHi+HE8n4wywIzHHBizaPA9o2LSAlFfLw1biEIHDiHA6GbU3Lh7YtaKffO671yu\nSt37YIOLOWeXxaJdCGISLXbghrcm2SsiCqVZ+dR0jQueILTA1oCpMNK+UMtA9nEj\nXwDrmW1B+LJ5DOG+JrmipMaqGDPwgMzJFayB+gLpSCD+tfriZ6OK9S65ohPPuJEZ\nx7CZDRD/OTdG09FglEqWNy6/nFeTuXEiheUQM0AG97RIBP7wjDdFIaK5lljJwd71\nwjhMv/PTLNEdWLtarM/lRs6Nvz5Gbce9KTEWhog+wHv8uxxDBHD+I0jJh9hm1cqZ\nkTskUxTol6ytJNZlJp9VkhEW4xT1aAI4kDMTkWKNTMogcJA57qxPhszx1c0ZMEFS\n9TAqs0zuLGSG7ElZ2eTDWNsD4WKXQG1dlc1kd5YPTGWn0Nb0j2ih4lTxAAk6oKGP\nOLEXtaB4rXQFr2qyM4iihrSb7vwbzmrmdFQKDedY+pMcYDh1I/5N7EJlJqalmRZn\nRoxBAK/b14tux1hSNILExg6rX+preqAfDdzQN4/SlWkpOLrFs6whq75YUDMKBruA\nIWDkp0Ly14AilWMRmAWjmEqDQaJIyLCrhnexUsh6DvBkOaWroVUrUzkx5UWE4zl2\nteURjMd6nDWXY//Ym6ZaAQKCAQEA1eTDAqp5C+CMRmPFUO8v0gQJ6Lo3+TwftPx8\n4rM+wp/1uhRL+iVSmupL60dkBwwNWnGQVjfCTWeLj7cjJoWfpsmEH1HobgtRDnme\nEnz0+H+/pmrloaQnpp+0B56k3JL8dD/3rT8CeBw0ZcGJiXzcy5oS37PRMBzA5TC0\nWxBNaLbKwnucIsBmse6Qo8e4XunctCHyG+9WzVFdFqjlUvmm/8vkFXoB361GhWej\nPgqL6fUZlP0BRH76p8ayCagQU0/3iRVd19WfFf4ppYIKfgI+PrOcCvJJ2x9JAGfV\nGgeK4GZtQi8TfoZKCRZTVupvElzfyxHLoJXX+RYAzG7vEYvvFQKCAQEA4//0BmOo\nnuZ2syan9UVTOc9ZxM6SArhnBg37XTA7mgr8VsTuE/lJIZ3DUKZwZqaRVUSx2Vtv\nceNK66wgZezDCga6N81YrP2wMZOo3CNyP/Rf8j2QKdDPo++wRw/XIPoMIo5buNXp\nNP8rydTuZlQpeVekTjKHXQLAHWaPnf/ehy6yH+KdiIc1tvDRaSe3OY1fbaE7fMGO\nCNFsnkzGKNS7vuxhU2n7Pu8xIZVF5LH1ISWcGFx4gi8qttgICrz8FTZ6obyedKym\nJaJ0itQY3hlFeYr7R4+NHUwiyhnw0VCmuXqi2a81rD5/8Q1fTi5342wdITH/bvgQ\n/ci0JLCl2iqh0QKCAQBUyobz+5hYuP9iuBJ0bx1J6Af1ljyyNL9tA9qOE/iBNuA2\nj+0+kKUafF70OizRDloMzJAnXZtNDAsrQbJRhw8vExupPtMhLKNJVbTwJ1EFYb8b\nvayiU2zUhOLdUmqQdkRV4TXSG/RioOu0mvBm7HSq0b1BqQr4Q63ELXaR0vic1jmy\nt0XCEPuk9ampA3d3SMYRMpPDtzF12xdH8FRYfFdTeARG70Lm5M3b/KWd5phoep1V\njqZ9/Mho0j+pzFIMdNrwIOQ+t5SFJ2hjEBYQtdrvCEyHmlzk3JYX7xFvbCYFpxUQ\n85CKy7l1uL/46J53bRHacoeCdWRUfgB7Ck8DabGxAoIBAQDJI4xL9q9TP02ITpnt\nrvL1FQ/Ep9f3vmZk2QDf/SUXiImEosbFqC30EhG0nKCcbmXYK3oanqd6eWIm9vq9\n8FlABx9RCz8nncZKdlGJo1uvQA9EzTrZKPWFUnbYugi3duAtvBj+vve1YUdoDwki\nDS1pdv/kXH8+dqa1ST15zbiq2W8a4fjH8UBZ26licz8Y7rc5J/wq2zZKYTbJkEFg\n1AutKyvRQrX7l1hooB/A2Z2/WEaU1z8Y2jN8iqjNkFty+1TESnofxA/vM5pMv0AQ\n74py50E2qFV9eyVV1fy1K8lp596y2/cltR15sqpZdnUdlMs99bW6V+3ldaI2nAA0\nr1eBAoIBAQCCMbD96y651aHBkOUE8dGlhsGW7LC8ZjgwoowQJV/BVN6/sNsIBBCv\nBttAlDz/iL0xN4QhY4En+xdyZIwUzN3A/m+/PEIhIzgXELuj9mXsDQ5xBSQYlqT+\nTOypxBrrWWh1t09o61P50eNvwb36NjmTHUNYhJ1ZlSKY6ZGu5T84KCaf9Ihhi4HT\nuPB0N16JMgsigHGqsMFM9Tt/enKNjxWxF/E+GL0nATtwmA523MRCoBq/ruHubmFF\nVIsezOuh258dRCL3UxxhCgRzuV/3yzErnV9Qxx0jwVWDoO12OT+vjWpsjvb5lEby\neglzQ/cHgvR/wM9CJuQyCCJ23w/gTR4Y\n-----END PRIVATE KEY-----\n",
            "public_key_fingerprint_md5": "e0:b9:05:73:17:dc:12:17:5f:5e:cf:d3:a3:c2:5d:7e",
            "public_key_fingerprint_sha256": "SHA256:CZZcf3O8+cCF/R/O9M24L4ljL/GIxMAzRZrilkDpwHU",
            "public_key_openssh": "ssh-rsa AAAAB3NzaC1yc2EAAAADAQABAAACAQC+f7Os/VCa9A/zG1MYSxt/jDvLthSxcljGmY4fIZTwYcLMT55fJKZa4iAoF4h8wtotXgN1SIelAmyRnqwnUPgnK6RjxDKKzdTPaTTSySc6kPdke0bAmuxd9fXGp7GlS9kZF/FFTN8X2bHnXx/QPT9yzxwMgWGBaGn3cSvjwXMG+qvDAuljrCJwk6iMIAqwfA1rIz4rogQ/p4qv1mZTJ4QZXws59qbV6rDD4XeoynzQ3/fR+6I9U6pDoFTQp8nDOkob/94Qvpyy2Eac6K2hs+cN8Ge/7V6U/MMHYOX5LsRXW/XGkCKWO8mDKPE3+8Iyx8Zj+zhFoCSabWHEYDouPFALBVeNe0bw577dH2tlQSWgkiZbMBMPrLfX14TLMU+A4VgjdYQIoMPYRQvPjj/7SnoEJZX869CGB2J8c8Qw48452oTCnqQ70/Sf3TmWEQcCUNSd6mKc38/amCMqUMS7T+ZN9/+qH3HIeSCPFaE71YhitrtExWzGzJjxyBPj5KiJn5T6CxdRqYTxSmzg7w6VwCsCLqe7ydII6inEQjBftFN+3n/0WJ3rRmVhUtxgXxV9pAvsMLzGoaJxjg0RT53O15f48qDkf+BL5QoT/aHaUvS98E37isarc4k2+iqo9zY2jYa08TDEcJtE6yEkQmDoMTEtSDl/288qqs/nWH5McAxlJQ==\n",
            "public_key_pem": "-----BEGIN PUBLIC KEY-----\nMIICIjANBgkqhkiG9w0BAQEFAAOCAg8AMIICCgKCAgEAvn+zrP1QmvQP8xtTGEsb\nf4w7y7YUsXJYxpmOHyGU8GHCzE+eXySmWuIgKBeIfMLaLV4DdUiHpQJskZ6sJ1D4\nJyukY8Qyis3Uz2k00sknOpD3ZHtGwJrsXfX1xqexpUvZGRfxRUzfF9mx518f0D0/\ncs8cDIFhgWhp93Er48FzBvqrwwLpY6wicJOojCAKsHwNayM+K6IEP6eKr9ZmUyeE\nGV8LOfam1eqww+F3qMp80N/30fuiPVOqQ6BU0KfJwzpKG//eEL6csthGnOitobPn\nDfBnv+1elPzDB2Dl+S7EV1v1xpAiljvJgyjxN/vCMsfGY/s4RaAkmm1hxGA6LjxQ\nCwVXjXtG8Oe+3R9rZUEloJImWzATD6y319eEyzFPgOFYI3WECKDD2EULz44/+0p6\nBCWV/OvQhgdifHPEMOPOOdqEwp6kO9P0n905lhEHAlDUnepinN/P2pgjKlDEu0/m\nTff/qh9xyHkgjxWhO9WIYra7RMVsxsyY8cgT4+SoiZ+U+gsXUamE8Ups4O8OlcAr\nAi6nu8nSCOopxEIwX7RTft5/9Fid60ZlYVLcYF8VfaQL7DC8xqGicY4NEU+dzteX\n+PKg5H/gS+UKE/2h2lL0vfBN+4rGq3OJNvoqqPc2No2GtPEwxHCbROshJEJg6DEx\nLUg5f9vPKqrP51h+THAMZSUCAwEAAQ==\n-----END PUBLIC KEY-----\n",
            "rsa_bits": 4096
          },
          "sensitive_attributes": []
        }
      ]
    },
    {
      "module": "module.r53",
      "mode": "data",
      "type": "aws_route53_zone",
      "name": "hosted_zone",
      "provider": "provider[\"registry.terraform.io/hashicorp/aws\"]",
      "instances": [
        {
          "schema_version": 0,
          "attributes": {
            "arn": "arn:aws:route53:::hostedzone/Z05599531ZSX9MK8VDCWU",
            "caller_reference": "RISWorkflow-RD:409d10c5-fe24-44bb-ba06-0252540ce3cd",
            "comment": "HostedZone created by Route53 Registrar",
            "id": "Z05599531ZSX9MK8VDCWU",
            "linked_service_description": null,
            "linked_service_principal": null,
            "name": "webhostingcloudtest.click",
            "name_servers": [
              "ns-1163.awsdns-17.org",
              "ns-830.awsdns-39.net",
              "ns-1681.awsdns-18.co.uk",
              "ns-243.awsdns-30.com"
            ],
            "primary_name_server": "ns-1163.awsdns-17.org",
            "private_zone": false,
            "resource_record_set_count": 43,
            "tags": {},
            "vpc_id": null,
            "zone_id": "Z05599531ZSX9MK8VDCWU"
          },
          "sensitive_attributes": []
        }
      ]
    },
    {
      "module": "module.r53",
      "mode": "managed",
      "type": "aws_route53_record",
      "name": "app-record",
      "provider": "provider[\"registry.terraform.io/hashicorp/aws\"]",
      "instances": [
        {
          "schema_version": 2,
          "attributes": {
            "alias": [
              {
                "evaluate_target_health": true,
                "name": "d1wirdxa7syb6a.cloudfront.net",
                "zone_id": "Z2FDTNDATAQYW2"
              }
            ],
            "allow_overwrite": null,
            "cidr_routing_policy": [],
            "failover_routing_policy": [],
            "fqdn": "app-alprestamo-test.webhostingcloudtest.click",
            "geolocation_routing_policy": [],
            "health_check_id": "",
            "id": "Z05599531ZSX9MK8VDCWU_app-alprestamo-test_CNAME",
            "latency_routing_policy": [],
            "multivalue_answer_routing_policy": false,
            "name": "app-alprestamo-test",
            "records": [],
            "set_identifier": "",
            "ttl": 0,
            "type": "CNAME",
            "weighted_routing_policy": [],
            "zone_id": "Z05599531ZSX9MK8VDCWU"
          },
          "sensitive_attributes": [],
          "private": "eyJzY2hlbWFfdmVyc2lvbiI6IjIifQ==",
          "dependencies": [
            "module.cdn.aws_cloudfront_distribution.app-distibution",
            "module.cdn.aws_cloudfront_origin_access_identity.app",
            "module.r53.data.aws_route53_zone.hosted_zone",
            "module.s3.aws_s3_bucket.app"
          ]
        }
      ]
    },
    {
      "module": "module.r53",
      "mode": "managed",
      "type": "aws_route53_record",
      "name": "checo-record",
      "provider": "provider[\"registry.terraform.io/hashicorp/aws\"]",
      "instances": [
        {
          "schema_version": 2,
          "attributes": {
            "alias": [
              {
                "evaluate_target_health": true,
                "name": "alprestamo-dev-alb-1769271589.us-west-1.elb.amazonaws.com",
                "zone_id": "Z368ELLRRE2KJ0"
              }
            ],
            "allow_overwrite": null,
            "cidr_routing_policy": [],
            "failover_routing_policy": [],
            "fqdn": "alprestamo-checo-dev.webhostingcloudtest.click",
            "geolocation_routing_policy": [],
            "health_check_id": "",
            "id": "Z05599531ZSX9MK8VDCWU_alprestamo-checo-dev_A",
            "latency_routing_policy": [],
            "multivalue_answer_routing_policy": false,
            "name": "alprestamo-checo-dev",
            "records": [],
            "set_identifier": "",
            "ttl": 0,
            "type": "A",
            "weighted_routing_policy": [],
            "zone_id": "Z05599531ZSX9MK8VDCWU"
          },
          "sensitive_attributes": [],
          "private": "eyJzY2hlbWFfdmVyc2lvbiI6IjIifQ==",
          "dependencies": [
            "module.ec2_alb.aws_lb.application_load_balancer",
            "module.r53.data.aws_route53_zone.hosted_zone",
            "module.vpc.aws_security_group.alprestamo-sg",
            "module.vpc.aws_subnet.dev-pub-alt-subnet",
            "module.vpc.aws_subnet.dev-pub-main-subnet",
            "module.vpc.aws_vpc.alprestamo-vpc"
          ]
        }
      ]
    },
    {
      "module": "module.r53",
      "mode": "managed",
      "type": "aws_route53_record",
      "name": "front-end-record",
      "provider": "provider[\"registry.terraform.io/hashicorp/aws\"]",
      "instances": [
        {
          "schema_version": 2,
          "attributes": {
            "alias": [
              {
                "evaluate_target_health": true,
                "name": "d3l7oqb31cgsf3.cloudfront.net",
                "zone_id": "Z2FDTNDATAQYW2"
              }
            ],
            "allow_overwrite": null,
            "cidr_routing_policy": [],
            "failover_routing_policy": [],
            "fqdn": "alprestamo-test.webhostingcloudtest.click",
            "geolocation_routing_policy": [],
            "health_check_id": "",
            "id": "Z05599531ZSX9MK8VDCWU_alprestamo-test_CNAME",
            "latency_routing_policy": [],
            "multivalue_answer_routing_policy": false,
            "name": "alprestamo-test",
            "records": [],
            "set_identifier": "",
            "ttl": 0,
            "type": "CNAME",
            "weighted_routing_policy": [],
            "zone_id": "Z05599531ZSX9MK8VDCWU"
          },
          "sensitive_attributes": [],
          "private": "eyJzY2hlbWFfdmVyc2lvbiI6IjIifQ==",
          "dependencies": [
            "module.cdn.aws_cloudfront_distribution.front-distibution",
            "module.cdn.aws_cloudfront_origin_access_identity.front",
            "module.r53.data.aws_route53_zone.hosted_zone",
            "module.s3.aws_s3_bucket.front"
          ]
        }
      ]
    },
    {
      "module": "module.r53",
      "mode": "managed",
      "type": "aws_route53_record",
      "name": "lando-record",
      "provider": "provider[\"registry.terraform.io/hashicorp/aws\"]",
      "instances": [
        {
          "schema_version": 2,
          "attributes": {
            "alias": [
              {
                "evaluate_target_health": true,
                "name": "alprestamo-dev-alb-1769271589.us-west-1.elb.amazonaws.com",
                "zone_id": "Z368ELLRRE2KJ0"
              }
            ],
            "allow_overwrite": null,
            "cidr_routing_policy": [],
            "failover_routing_policy": [],
            "fqdn": "alprestamo-lando-dev.webhostingcloudtest.click",
            "geolocation_routing_policy": [],
            "health_check_id": "",
            "id": "Z05599531ZSX9MK8VDCWU_alprestamo-lando-dev_A",
            "latency_routing_policy": [],
            "multivalue_answer_routing_policy": false,
            "name": "alprestamo-lando-dev",
            "records": [],
            "set_identifier": "",
            "ttl": 0,
            "type": "A",
            "weighted_routing_policy": [],
            "zone_id": "Z05599531ZSX9MK8VDCWU"
          },
          "sensitive_attributes": [],
          "private": "eyJzY2hlbWFfdmVyc2lvbiI6IjIifQ==",
          "dependencies": [
            "module.ec2_alb.aws_lb.application_load_balancer",
            "module.r53.data.aws_route53_zone.hosted_zone",
            "module.vpc.aws_security_group.alprestamo-sg",
            "module.vpc.aws_subnet.dev-pub-alt-subnet",
            "module.vpc.aws_subnet.dev-pub-main-subnet",
            "module.vpc.aws_vpc.alprestamo-vpc"
          ]
        }
      ]
    },
    {
      "module": "module.r53",
      "mode": "managed",
      "type": "aws_route53_record",
      "name": "lewis-record",
      "provider": "provider[\"registry.terraform.io/hashicorp/aws\"]",
      "instances": [
        {
          "schema_version": 2,
          "attributes": {
            "alias": [
              {
                "evaluate_target_health": true,
                "name": "alprestamo-dev-alb-1769271589.us-west-1.elb.amazonaws.com",
                "zone_id": "Z368ELLRRE2KJ0"
              }
            ],
            "allow_overwrite": null,
            "cidr_routing_policy": [],
            "failover_routing_policy": [],
            "fqdn": "alprestamo-lewis-dev.webhostingcloudtest.click",
            "geolocation_routing_policy": [],
            "health_check_id": "",
            "id": "Z05599531ZSX9MK8VDCWU_alprestamo-lewis-dev_A",
            "latency_routing_policy": [],
            "multivalue_answer_routing_policy": false,
            "name": "alprestamo-lewis-dev",
            "records": [],
            "set_identifier": "",
            "ttl": 0,
            "type": "A",
            "weighted_routing_policy": [],
            "zone_id": "Z05599531ZSX9MK8VDCWU"
          },
          "sensitive_attributes": [],
          "private": "eyJzY2hlbWFfdmVyc2lvbiI6IjIifQ==",
          "dependencies": [
            "module.ec2_alb.aws_lb.application_load_balancer",
            "module.r53.data.aws_route53_zone.hosted_zone",
            "module.vpc.aws_security_group.alprestamo-sg",
            "module.vpc.aws_subnet.dev-pub-alt-subnet",
            "module.vpc.aws_subnet.dev-pub-main-subnet",
            "module.vpc.aws_vpc.alprestamo-vpc"
          ]
        }
      ]
    },
    {
      "module": "module.r53",
      "mode": "managed",
      "type": "aws_route53_record",
      "name": "perf-record",
      "provider": "provider[\"registry.terraform.io/hashicorp/aws\"]",
      "instances": [
        {
          "schema_version": 2,
          "attributes": {
            "alias": [
              {
                "evaluate_target_health": true,
                "name": "d2r5tov2uylfyk.cloudfront.net",
                "zone_id": "Z2FDTNDATAQYW2"
              }
            ],
            "allow_overwrite": null,
            "cidr_routing_policy": [],
            "failover_routing_policy": [],
            "fqdn": "p-alprestamo-test.webhostingcloudtest.click",
            "geolocation_routing_policy": [],
            "health_check_id": "",
            "id": "Z05599531ZSX9MK8VDCWU_p-alprestamo-test_CNAME",
            "latency_routing_policy": [],
            "multivalue_answer_routing_policy": false,
            "name": "p-alprestamo-test",
            "records": [],
            "set_identifier": "",
            "ttl": 0,
            "type": "CNAME",
            "weighted_routing_policy": [],
            "zone_id": "Z05599531ZSX9MK8VDCWU"
          },
          "sensitive_attributes": [],
          "private": "eyJzY2hlbWFfdmVyc2lvbiI6IjIifQ==",
          "dependencies": [
            "module.cdn.aws_cloudfront_distribution.perf-distibution",
            "module.cdn.aws_cloudfront_origin_access_identity.perf",
            "module.r53.data.aws_route53_zone.hosted_zone",
            "module.s3.aws_s3_bucket.perf"
          ]
        }
      ]
    },
    {
      "module": "module.s3",
      "mode": "data",
      "type": "aws_iam_policy_document",
      "name": "allow_access_app",
      "provider": "provider[\"registry.terraform.io/hashicorp/aws\"]",
      "instances": [
        {
          "schema_version": 0,
          "attributes": {
            "id": "3003237613",
            "json": "{\n  \"Version\": \"2012-10-17\",\n  \"Id\": \"PoliciForCloudFrontPrivateContent\",\n  \"Statement\": [\n    {\n      \"Sid\": \"AllowCloudFrontServicePrincipal\",\n      \"Effect\": \"Allow\",\n      \"Action\": \"s3:GetObject\",\n      \"Resource\": \"arn:aws:s3:::alprestamo-test-dev-app/*\",\n      \"Principal\": {\n        \"AWS\": \"arn:aws:iam::cloudfront:user/CloudFront Origin Access Identity EWQZZUBEBVDT0\"\n      }\n    }\n  ]\n}",
            "override_policy_documents": null,
            "policy_id": "PoliciForCloudFrontPrivateContent",
            "source_policy_documents": null,
            "statement": [
              {
                "actions": [
                  "s3:GetObject"
                ],
                "condition": [],
                "effect": "Allow",
                "not_actions": [],
                "not_principals": [],
                "not_resources": [],
                "principals": [
                  {
                    "identifiers": [
                      "arn:aws:iam::cloudfront:user/CloudFront Origin Access Identity EWQZZUBEBVDT0"
                    ],
                    "type": "AWS"
                  }
                ],
                "resources": [
                  "arn:aws:s3:::alprestamo-test-dev-app/*"
                ],
                "sid": "AllowCloudFrontServicePrincipal"
              }
            ],
            "version": "2012-10-17"
          },
          "sensitive_attributes": []
        }
      ]
    },
    {
      "module": "module.s3",
      "mode": "data",
      "type": "aws_iam_policy_document",
      "name": "allow_access_front",
      "provider": "provider[\"registry.terraform.io/hashicorp/aws\"]",
      "instances": [
        {
          "schema_version": 0,
          "attributes": {
            "id": "2606522729",
            "json": "{\n  \"Version\": \"2012-10-17\",\n  \"Id\": \"PoliciForCloudFrontPrivateContent\",\n  \"Statement\": [\n    {\n      \"Sid\": \"AllowCloudFrontServicePrincipal\",\n      \"Effect\": \"Allow\",\n      \"Action\": \"s3:GetObject\",\n      \"Resource\": \"arn:aws:s3:::alprestamo-test-dev-front/*\",\n      \"Principal\": {\n        \"AWS\": \"arn:aws:iam::cloudfront:user/CloudFront Origin Access Identity E1PFO6ABIAI11N\"\n      }\n    }\n  ]\n}",
            "override_policy_documents": null,
            "policy_id": "PoliciForCloudFrontPrivateContent",
            "source_policy_documents": null,
            "statement": [
              {
                "actions": [
                  "s3:GetObject"
                ],
                "condition": [],
                "effect": "Allow",
                "not_actions": [],
                "not_principals": [],
                "not_resources": [],
                "principals": [
                  {
                    "identifiers": [
                      "arn:aws:iam::cloudfront:user/CloudFront Origin Access Identity E1PFO6ABIAI11N"
                    ],
                    "type": "AWS"
                  }
                ],
                "resources": [
                  "arn:aws:s3:::alprestamo-test-dev-front/*"
                ],
                "sid": "AllowCloudFrontServicePrincipal"
              }
            ],
            "version": "2012-10-17"
          },
          "sensitive_attributes": []
        }
      ]
    },
    {
      "module": "module.s3",
      "mode": "data",
      "type": "aws_iam_policy_document",
      "name": "allow_access_perf",
      "provider": "provider[\"registry.terraform.io/hashicorp/aws\"]",
      "instances": [
        {
          "schema_version": 0,
          "attributes": {
            "id": "4207881299",
            "json": "{\n  \"Version\": \"2012-10-17\",\n  \"Id\": \"PoliciForCloudFrontPrivateContent\",\n  \"Statement\": [\n    {\n      \"Sid\": \"AllowCloudFrontServicePrincipal\",\n      \"Effect\": \"Allow\",\n      \"Action\": \"s3:GetObject\",\n      \"Resource\": \"arn:aws:s3:::alprestamo-test-dev-perf/*\",\n      \"Principal\": {\n        \"AWS\": \"arn:aws:iam::cloudfront:user/CloudFront Origin Access Identity EZLRIBO3TNVVB\"\n      }\n    }\n  ]\n}",
            "override_policy_documents": null,
            "policy_id": "PoliciForCloudFrontPrivateContent",
            "source_policy_documents": null,
            "statement": [
              {
                "actions": [
                  "s3:GetObject"
                ],
                "condition": [],
                "effect": "Allow",
                "not_actions": [],
                "not_principals": [],
                "not_resources": [],
                "principals": [
                  {
                    "identifiers": [
                      "arn:aws:iam::cloudfront:user/CloudFront Origin Access Identity EZLRIBO3TNVVB"
                    ],
                    "type": "AWS"
                  }
                ],
                "resources": [
                  "arn:aws:s3:::alprestamo-test-dev-perf/*"
                ],
                "sid": "AllowCloudFrontServicePrincipal"
              }
            ],
            "version": "2012-10-17"
          },
          "sensitive_attributes": []
        }
      ]
    },
    {
      "module": "module.s3",
      "mode": "managed",
      "type": "aws_s3_bucket",
      "name": "app",
      "provider": "provider[\"registry.terraform.io/hashicorp/aws\"]",
      "instances": [
        {
          "schema_version": 0,
          "attributes": {
            "acceleration_status": "",
            "acl": null,
            "arn": "arn:aws:s3:::alprestamo-test-dev-app",
            "bucket": "alprestamo-test-dev-app",
            "bucket_domain_name": "alprestamo-test-dev-app.s3.amazonaws.com",
            "bucket_prefix": "",
            "bucket_regional_domain_name": "alprestamo-test-dev-app.s3.us-west-1.amazonaws.com",
            "cors_rule": [],
            "force_destroy": false,
            "grant": [
              {
                "id": "6285d9b4bb5242074b5439e1707d3e09e19ba54ad681fd1068ceab8ac2019490",
                "permissions": [
                  "FULL_CONTROL"
                ],
                "type": "CanonicalUser",
                "uri": ""
              }
            ],
            "hosted_zone_id": "Z2F56UZL2M1ACD",
            "id": "alprestamo-test-dev-app",
            "lifecycle_rule": [],
            "logging": [],
            "object_lock_configuration": [],
            "object_lock_enabled": false,
            "policy": "{\"Id\":\"PoliciForCloudFrontPrivateContent\",\"Statement\":[{\"Action\":\"s3:GetObject\",\"Effect\":\"Allow\",\"Principal\":{\"AWS\":\"arn:aws:iam::cloudfront:user/CloudFront Origin Access Identity EWQZZUBEBVDT0\"},\"Resource\":\"arn:aws:s3:::alprestamo-test-dev-app/*\",\"Sid\":\"AllowCloudFrontServicePrincipal\"}],\"Version\":\"2012-10-17\"}",
            "region": "us-west-1",
            "replication_configuration": [],
            "request_payer": "BucketOwner",
            "server_side_encryption_configuration": [
              {
                "rule": [
                  {
                    "apply_server_side_encryption_by_default": [
                      {
                        "kms_master_key_id": "",
                        "sse_algorithm": "AES256"
                      }
                    ],
                    "bucket_key_enabled": false
                  }
                ]
              }
            ],
            "tags": {
              "Name": "alprestamo-test-dev-app"
            },
            "tags_all": {
              "Name": "alprestamo-test-dev-app"
            },
            "timeouts": null,
            "versioning": [
              {
                "enabled": false,
                "mfa_delete": false
              }
            ],
            "website": [],
            "website_domain": null,
            "website_endpoint": null
          },
          "sensitive_attributes": [],
          "private": "eyJlMmJmYjczMC1lY2FhLTExZTYtOGY4OC0zNDM2M2JjN2M0YzAiOnsiY3JlYXRlIjoxMjAwMDAwMDAwMDAwLCJkZWxldGUiOjM2MDAwMDAwMDAwMDAsInJlYWQiOjEyMDAwMDAwMDAwMDAsInVwZGF0ZSI6MTIwMDAwMDAwMDAwMH19"
        }
      ]
    },
    {
      "module": "module.s3",
      "mode": "managed",
      "type": "aws_s3_bucket",
      "name": "front",
      "provider": "provider[\"registry.terraform.io/hashicorp/aws\"]",
      "instances": [
        {
          "schema_version": 0,
          "attributes": {
            "acceleration_status": "",
            "acl": null,
            "arn": "arn:aws:s3:::alprestamo-test-dev-front",
            "bucket": "alprestamo-test-dev-front",
            "bucket_domain_name": "alprestamo-test-dev-front.s3.amazonaws.com",
            "bucket_prefix": "",
            "bucket_regional_domain_name": "alprestamo-test-dev-front.s3.us-west-1.amazonaws.com",
            "cors_rule": [],
            "force_destroy": false,
            "grant": [
              {
                "id": "6285d9b4bb5242074b5439e1707d3e09e19ba54ad681fd1068ceab8ac2019490",
                "permissions": [
                  "FULL_CONTROL"
                ],
                "type": "CanonicalUser",
                "uri": ""
              }
            ],
            "hosted_zone_id": "Z2F56UZL2M1ACD",
            "id": "alprestamo-test-dev-front",
            "lifecycle_rule": [],
            "logging": [],
            "object_lock_configuration": [],
            "object_lock_enabled": false,
            "policy": "{\"Id\":\"PoliciForCloudFrontPrivateContent\",\"Statement\":[{\"Action\":\"s3:GetObject\",\"Effect\":\"Allow\",\"Principal\":{\"AWS\":\"arn:aws:iam::cloudfront:user/CloudFront Origin Access Identity E1PFO6ABIAI11N\"},\"Resource\":\"arn:aws:s3:::alprestamo-test-dev-front/*\",\"Sid\":\"AllowCloudFrontServicePrincipal\"}],\"Version\":\"2012-10-17\"}",
            "region": "us-west-1",
            "replication_configuration": [],
            "request_payer": "BucketOwner",
            "server_side_encryption_configuration": [
              {
                "rule": [
                  {
                    "apply_server_side_encryption_by_default": [
                      {
                        "kms_master_key_id": "",
                        "sse_algorithm": "AES256"
                      }
                    ],
                    "bucket_key_enabled": false
                  }
                ]
              }
            ],
            "tags": {
              "Name": "alprestamo-test-dev-front"
            },
            "tags_all": {
              "Name": "alprestamo-test-dev-front"
            },
            "timeouts": null,
            "versioning": [
              {
                "enabled": false,
                "mfa_delete": false
              }
            ],
            "website": [
              {
                "error_document": "",
                "index_document": "index.html",
                "redirect_all_requests_to": "",
                "routing_rules": ""
              }
            ],
            "website_domain": "s3-website-us-west-1.amazonaws.com",
            "website_endpoint": "alprestamo-test-dev-front.s3-website-us-west-1.amazonaws.com"
          },
          "sensitive_attributes": [],
          "private": "eyJlMmJmYjczMC1lY2FhLTExZTYtOGY4OC0zNDM2M2JjN2M0YzAiOnsiY3JlYXRlIjoxMjAwMDAwMDAwMDAwLCJkZWxldGUiOjM2MDAwMDAwMDAwMDAsInJlYWQiOjEyMDAwMDAwMDAwMDAsInVwZGF0ZSI6MTIwMDAwMDAwMDAwMH19"
        }
      ]
    },
    {
      "module": "module.s3",
      "mode": "managed",
      "type": "aws_s3_bucket",
      "name": "perf",
      "provider": "provider[\"registry.terraform.io/hashicorp/aws\"]",
      "instances": [
        {
          "schema_version": 0,
          "attributes": {
            "acceleration_status": "",
            "acl": null,
            "arn": "arn:aws:s3:::alprestamo-test-dev-perf",
            "bucket": "alprestamo-test-dev-perf",
            "bucket_domain_name": "alprestamo-test-dev-perf.s3.amazonaws.com",
            "bucket_prefix": "",
            "bucket_regional_domain_name": "alprestamo-test-dev-perf.s3.us-west-1.amazonaws.com",
            "cors_rule": [],
            "force_destroy": false,
            "grant": [
              {
                "id": "6285d9b4bb5242074b5439e1707d3e09e19ba54ad681fd1068ceab8ac2019490",
                "permissions": [
                  "FULL_CONTROL"
                ],
                "type": "CanonicalUser",
                "uri": ""
              }
            ],
            "hosted_zone_id": "Z2F56UZL2M1ACD",
            "id": "alprestamo-test-dev-perf",
            "lifecycle_rule": [],
            "logging": [],
            "object_lock_configuration": [],
            "object_lock_enabled": false,
            "policy": "{\"Id\":\"PoliciForCloudFrontPrivateContent\",\"Statement\":[{\"Action\":\"s3:GetObject\",\"Effect\":\"Allow\",\"Principal\":{\"AWS\":\"arn:aws:iam::cloudfront:user/CloudFront Origin Access Identity EZLRIBO3TNVVB\"},\"Resource\":\"arn:aws:s3:::alprestamo-test-dev-perf/*\",\"Sid\":\"AllowCloudFrontServicePrincipal\"}],\"Version\":\"2012-10-17\"}",
            "region": "us-west-1",
            "replication_configuration": [],
            "request_payer": "BucketOwner",
            "server_side_encryption_configuration": [
              {
                "rule": [
                  {
                    "apply_server_side_encryption_by_default": [
                      {
                        "kms_master_key_id": "",
                        "sse_algorithm": "AES256"
                      }
                    ],
                    "bucket_key_enabled": false
                  }
                ]
              }
            ],
            "tags": {
              "Name": "alprestamo-test-dev-perf"
            },
            "tags_all": {
              "Name": "alprestamo-test-dev-perf"
            },
            "timeouts": null,
            "versioning": [
              {
                "enabled": false,
                "mfa_delete": false
              }
            ],
            "website": [],
            "website_domain": null,
            "website_endpoint": null
          },
          "sensitive_attributes": [],
          "private": "eyJlMmJmYjczMC1lY2FhLTExZTYtOGY4OC0zNDM2M2JjN2M0YzAiOnsiY3JlYXRlIjoxMjAwMDAwMDAwMDAwLCJkZWxldGUiOjM2MDAwMDAwMDAwMDAsInJlYWQiOjEyMDAwMDAwMDAwMDAsInVwZGF0ZSI6MTIwMDAwMDAwMDAwMH19"
        }
      ]
    },
    {
      "module": "module.s3",
      "mode": "managed",
      "type": "aws_s3_bucket_policy",
      "name": "allow_access_app",
      "provider": "provider[\"registry.terraform.io/hashicorp/aws\"]",
      "instances": [
        {
          "schema_version": 0,
          "attributes": {
            "bucket": "alprestamo-test-dev-app",
            "id": "alprestamo-test-dev-app",
            "policy": "{\"Id\":\"PoliciForCloudFrontPrivateContent\",\"Statement\":[{\"Action\":\"s3:GetObject\",\"Effect\":\"Allow\",\"Principal\":{\"AWS\":\"arn:aws:iam::cloudfront:user/CloudFront Origin Access Identity EWQZZUBEBVDT0\"},\"Resource\":\"arn:aws:s3:::alprestamo-test-dev-app/*\",\"Sid\":\"AllowCloudFrontServicePrincipal\"}],\"Version\":\"2012-10-17\"}"
          },
          "sensitive_attributes": [],
          "private": "bnVsbA==",
          "dependencies": [
            "module.cdn.aws_cloudfront_origin_access_identity.app",
            "module.s3.aws_s3_bucket.app",
            "module.s3.data.aws_iam_policy_document.allow_access_app"
          ]
        }
      ]
    },
    {
      "module": "module.s3",
      "mode": "managed",
      "type": "aws_s3_bucket_policy",
      "name": "allow_access_front",
      "provider": "provider[\"registry.terraform.io/hashicorp/aws\"]",
      "instances": [
        {
          "schema_version": 0,
          "attributes": {
            "bucket": "alprestamo-test-dev-front",
            "id": "alprestamo-test-dev-front",
            "policy": "{\"Id\":\"PoliciForCloudFrontPrivateContent\",\"Statement\":[{\"Action\":\"s3:GetObject\",\"Effect\":\"Allow\",\"Principal\":{\"AWS\":\"arn:aws:iam::cloudfront:user/CloudFront Origin Access Identity E1PFO6ABIAI11N\"},\"Resource\":\"arn:aws:s3:::alprestamo-test-dev-front/*\",\"Sid\":\"AllowCloudFrontServicePrincipal\"}],\"Version\":\"2012-10-17\"}"
          },
          "sensitive_attributes": [],
          "private": "bnVsbA==",
          "dependencies": [
            "module.cdn.aws_cloudfront_origin_access_identity.front",
            "module.s3.aws_s3_bucket.front",
            "module.s3.data.aws_iam_policy_document.allow_access_front"
          ]
        }
      ]
    },
    {
      "module": "module.s3",
      "mode": "managed",
      "type": "aws_s3_bucket_policy",
      "name": "allow_access_perf",
      "provider": "provider[\"registry.terraform.io/hashicorp/aws\"]",
      "instances": [
        {
          "schema_version": 0,
          "attributes": {
            "bucket": "alprestamo-test-dev-perf",
            "id": "alprestamo-test-dev-perf",
            "policy": "{\"Id\":\"PoliciForCloudFrontPrivateContent\",\"Statement\":[{\"Action\":\"s3:GetObject\",\"Effect\":\"Allow\",\"Principal\":{\"AWS\":\"arn:aws:iam::cloudfront:user/CloudFront Origin Access Identity EZLRIBO3TNVVB\"},\"Resource\":\"arn:aws:s3:::alprestamo-test-dev-perf/*\",\"Sid\":\"AllowCloudFrontServicePrincipal\"}],\"Version\":\"2012-10-17\"}"
          },
          "sensitive_attributes": [],
          "private": "bnVsbA==",
          "dependencies": [
            "module.cdn.aws_cloudfront_origin_access_identity.perf",
            "module.s3.aws_s3_bucket.perf",
            "module.s3.data.aws_iam_policy_document.allow_access_perf"
          ]
        }
      ]
    },
    {
      "module": "module.s3",
      "mode": "managed",
      "type": "aws_s3_bucket_website_configuration",
      "name": "front",
      "provider": "provider[\"registry.terraform.io/hashicorp/aws\"]",
      "instances": [
        {
          "schema_version": 0,
          "attributes": {
            "bucket": "alprestamo-test-dev-front",
            "error_document": [],
            "expected_bucket_owner": "",
            "id": "alprestamo-test-dev-front",
            "index_document": [
              {
                "suffix": "index.html"
              }
            ],
            "redirect_all_requests_to": [],
            "routing_rule": [],
            "routing_rules": "",
            "website_domain": "s3-website-us-west-1.amazonaws.com",
            "website_endpoint": "alprestamo-test-dev-front.s3-website-us-west-1.amazonaws.com"
          },
          "sensitive_attributes": [],
          "private": "bnVsbA==",
          "dependencies": [
            "module.s3.aws_s3_bucket.front"
          ]
        }
      ]
    },
    {
      "module": "module.vpc",
      "mode": "managed",
      "type": "aws_eip",
      "name": "nat_eip",
      "provider": "provider[\"registry.terraform.io/hashicorp/aws\"]",
      "instances": [
        {
          "schema_version": 0,
          "attributes": {
            "address": null,
            "allocation_id": "eipalloc-0e4813fdb0a7acba4",
            "associate_with_private_ip": null,
            "association_id": "eipassoc-0bba220011ac550a7",
            "carrier_ip": "",
            "customer_owned_ip": "",
            "customer_owned_ipv4_pool": "",
            "domain": "vpc",
            "id": "eipalloc-0e4813fdb0a7acba4",
            "instance": "",
            "network_border_group": "us-west-1",
            "network_interface": "eni-06f42ae60844e074f",
            "private_dns": "ip-10-20-40-112.us-west-1.compute.internal",
            "private_ip": "10.20.40.112",
            "public_dns": "ec2-54-219-53-177.us-west-1.compute.amazonaws.com",
            "public_ip": "54.219.53.177",
            "public_ipv4_pool": "amazon",
            "tags": {
              "Name": "alprestamo-test-dev-natgw-eip"
            },
            "tags_all": {
              "Name": "alprestamo-test-dev-natgw-eip"
            },
            "timeouts": null,
            "vpc": true
          },
          "sensitive_attributes": [],
          "private": "eyJlMmJmYjczMC1lY2FhLTExZTYtOGY4OC0zNDM2M2JjN2M0YzAiOnsiZGVsZXRlIjoxODAwMDAwMDAwMDAsInJlYWQiOjkwMDAwMDAwMDAwMCwidXBkYXRlIjozMDAwMDAwMDAwMDB9fQ==",
          "dependencies": [
            "module.vpc.aws_internet_gateway.ig",
            "module.vpc.aws_vpc.alprestamo-vpc"
          ]
        }
      ]
    },
    {
      "module": "module.vpc",
      "mode": "managed",
      "type": "aws_internet_gateway",
      "name": "ig",
      "provider": "provider[\"registry.terraform.io/hashicorp/aws\"]",
      "instances": [
        {
          "schema_version": 0,
          "attributes": {
            "arn": "arn:aws:ec2:us-west-1:145628923514:internet-gateway/igw-07cd5739338105314",
            "id": "igw-07cd5739338105314",
            "owner_id": "145628923514",
            "tags": {
              "Name": "alprestamo-test-dev-ig",
              "environment": "dev"
            },
            "tags_all": {
              "Name": "alprestamo-test-dev-ig",
              "environment": "dev"
            },
            "timeouts": null,
            "vpc_id": "vpc-029b97b4aac97de0e"
          },
          "sensitive_attributes": [],
          "private": "eyJlMmJmYjczMC1lY2FhLTExZTYtOGY4OC0zNDM2M2JjN2M0YzAiOnsiY3JlYXRlIjoxMjAwMDAwMDAwMDAwLCJkZWxldGUiOjEyMDAwMDAwMDAwMDAsInVwZGF0ZSI6MTIwMDAwMDAwMDAwMH19",
          "dependencies": [
            "module.vpc.aws_vpc.alprestamo-vpc"
          ]
        }
      ]
    },
    {
      "module": "module.vpc",
      "mode": "managed",
      "type": "aws_nat_gateway",
      "name": "natg",
      "provider": "provider[\"registry.terraform.io/hashicorp/aws\"]",
      "instances": [
        {
          "schema_version": 0,
          "attributes": {
            "allocation_id": "eipalloc-0e4813fdb0a7acba4",
            "association_id": "eipassoc-0bba220011ac550a7",
            "connectivity_type": "public",
            "id": "nat-0dbfa03aecc50693e",
            "network_interface_id": "eni-06f42ae60844e074f",
            "private_ip": "10.20.40.112",
            "public_ip": "54.219.53.177",
            "secondary_allocation_ids": [],
            "secondary_private_ip_address_count": 0,
            "secondary_private_ip_addresses": [],
            "subnet_id": "subnet-00cb8c51fa8e2d3a2",
            "tags": {
              "Name": "alprestamo-test-dev-natgw"
            },
            "tags_all": {
              "Name": "alprestamo-test-dev-natgw"
            },
            "timeouts": null
          },
          "sensitive_attributes": [],
          "private": "eyJlMmJmYjczMC1lY2FhLTExZTYtOGY4OC0zNDM2M2JjN2M0YzAiOnsiY3JlYXRlIjo2MDAwMDAwMDAwMDAsImRlbGV0ZSI6MTgwMDAwMDAwMDAwMCwidXBkYXRlIjo2MDAwMDAwMDAwMDB9fQ==",
          "dependencies": [
            "module.vpc.aws_eip.nat_eip",
            "module.vpc.aws_internet_gateway.ig",
            "module.vpc.aws_subnet.dev-pub-main-subnet",
            "module.vpc.aws_vpc.alprestamo-vpc"
          ]
        }
      ]
    },
    {
      "module": "module.vpc",
      "mode": "managed",
      "type": "aws_route_table",
      "name": "route_table_priv",
      "provider": "provider[\"registry.terraform.io/hashicorp/aws\"]",
      "instances": [
        {
          "schema_version": 0,
          "attributes": {
            "arn": "arn:aws:ec2:us-west-1:145628923514:route-table/rtb-0ce05be99963ca738",
            "id": "rtb-0ce05be99963ca738",
            "owner_id": "145628923514",
            "propagating_vgws": [],
            "route": [
              {
                "carrier_gateway_id": "",
                "cidr_block": "0.0.0.0/0",
                "core_network_arn": "",
                "destination_prefix_list_id": "",
                "egress_only_gateway_id": "",
                "gateway_id": "nat-0dbfa03aecc50693e",
                "ipv6_cidr_block": "",
                "local_gateway_id": "",
                "nat_gateway_id": "",
                "network_interface_id": "",
                "transit_gateway_id": "",
                "vpc_endpoint_id": "",
                "vpc_peering_connection_id": ""
              },
              {
                "carrier_gateway_id": null,
                "cidr_block": "10.20.0.0/16",
                "core_network_arn": null,
                "destination_prefix_list_id": null,
                "egress_only_gateway_id": null,
                "gateway_id": "local",
                "ipv6_cidr_block": null,
                "local_gateway_id": null,
                "nat_gateway_id": null,
                "network_interface_id": null,
                "transit_gateway_id": null,
                "vpc_endpoint_id": null,
                "vpc_peering_connection_id": null
              }
            ],
            "tags": {
              "Name": "alprestamo-test-dev-rt-private"
            },
            "tags_all": {
              "Name": "alprestamo-test-dev-rt-private"
            },
            "timeouts": null,
            "vpc_id": "vpc-029b97b4aac97de0e"
          },
          "sensitive_attributes": [],
          "private": "eyJlMmJmYjczMC1lY2FhLTExZTYtOGY4OC0zNDM2M2JjN2M0YzAiOnsiY3JlYXRlIjozMDAwMDAwMDAwMDAsImRlbGV0ZSI6MzAwMDAwMDAwMDAwLCJ1cGRhdGUiOjEyMDAwMDAwMDAwMH19",
          "dependencies": [
            "module.vpc.aws_eip.nat_eip",
            "module.vpc.aws_internet_gateway.ig",
            "module.vpc.aws_nat_gateway.natg",
            "module.vpc.aws_subnet.dev-pub-main-subnet",
            "module.vpc.aws_vpc.alprestamo-vpc"
          ]
        }
      ]
    },
    {
      "module": "module.vpc",
      "mode": "managed",
      "type": "aws_route_table",
      "name": "route_table_pub",
      "provider": "provider[\"registry.terraform.io/hashicorp/aws\"]",
      "instances": [
        {
          "schema_version": 0,
          "attributes": {
            "arn": "arn:aws:ec2:us-west-1:145628923514:route-table/rtb-0627adb5432f56046",
            "id": "rtb-0627adb5432f56046",
            "owner_id": "145628923514",
            "propagating_vgws": [],
            "route": [
              {
                "carrier_gateway_id": "",
                "cidr_block": "0.0.0.0/0",
                "core_network_arn": "",
                "destination_prefix_list_id": "",
                "egress_only_gateway_id": "",
                "gateway_id": "igw-07cd5739338105314",
                "ipv6_cidr_block": "",
                "local_gateway_id": "",
                "nat_gateway_id": "",
                "network_interface_id": "",
                "transit_gateway_id": "",
                "vpc_endpoint_id": "",
                "vpc_peering_connection_id": ""
              },
              {
                "carrier_gateway_id": "",
                "cidr_block": "10.20.0.0/16",
                "core_network_arn": "",
                "destination_prefix_list_id": "",
                "egress_only_gateway_id": "",
                "gateway_id": "local",
                "ipv6_cidr_block": "",
                "local_gateway_id": "",
                "nat_gateway_id": "",
                "network_interface_id": "",
                "transit_gateway_id": "",
                "vpc_endpoint_id": "",
                "vpc_peering_connection_id": ""
              }
            ],
            "tags": {
              "Name": "alprestamo-test-dev-rt-public"
            },
            "tags_all": {
              "Name": "alprestamo-test-dev-rt-public"
            },
            "timeouts": null,
            "vpc_id": "vpc-029b97b4aac97de0e"
          },
          "sensitive_attributes": [],
          "private": "eyJlMmJmYjczMC1lY2FhLTExZTYtOGY4OC0zNDM2M2JjN2M0YzAiOnsiY3JlYXRlIjozMDAwMDAwMDAwMDAsImRlbGV0ZSI6MzAwMDAwMDAwMDAwLCJ1cGRhdGUiOjEyMDAwMDAwMDAwMH19",
          "dependencies": [
            "module.vpc.aws_internet_gateway.ig",
            "module.vpc.aws_vpc.alprestamo-vpc"
          ]
        }
      ]
    },
    {
      "module": "module.vpc",
      "mode": "managed",
      "type": "aws_route_table_association",
      "name": "priv-alt",
      "provider": "provider[\"registry.terraform.io/hashicorp/aws\"]",
      "instances": [
        {
          "schema_version": 0,
          "attributes": {
            "gateway_id": "",
            "id": "rtbassoc-05c0d65d0b2e2f3ba",
            "route_table_id": "rtb-0ce05be99963ca738",
            "subnet_id": "subnet-03eb0f6ea6b6c9815",
            "timeouts": null
          },
          "sensitive_attributes": [],
          "private": "eyJlMmJmYjczMC1lY2FhLTExZTYtOGY4OC0zNDM2M2JjN2M0YzAiOnsiY3JlYXRlIjozMDAwMDAwMDAwMDAsImRlbGV0ZSI6MzAwMDAwMDAwMDAwLCJ1cGRhdGUiOjEyMDAwMDAwMDAwMH19",
          "dependencies": [
            "module.vpc.aws_eip.nat_eip",
            "module.vpc.aws_internet_gateway.ig",
            "module.vpc.aws_nat_gateway.natg",
            "module.vpc.aws_route_table.route_table_priv",
            "module.vpc.aws_subnet.dev-priv-alt-subnet",
            "module.vpc.aws_subnet.dev-pub-main-subnet",
            "module.vpc.aws_vpc.alprestamo-vpc"
          ]
        }
      ]
    },
    {
      "module": "module.vpc",
      "mode": "managed",
      "type": "aws_route_table_association",
      "name": "priv-main",
      "provider": "provider[\"registry.terraform.io/hashicorp/aws\"]",
      "instances": [
        {
          "schema_version": 0,
          "attributes": {
            "gateway_id": "",
            "id": "rtbassoc-07e4e590dc0c438ea",
            "route_table_id": "rtb-0ce05be99963ca738",
            "subnet_id": "subnet-0e57aed85b9e12630",
            "timeouts": null
          },
          "sensitive_attributes": [],
          "private": "eyJlMmJmYjczMC1lY2FhLTExZTYtOGY4OC0zNDM2M2JjN2M0YzAiOnsiY3JlYXRlIjozMDAwMDAwMDAwMDAsImRlbGV0ZSI6MzAwMDAwMDAwMDAwLCJ1cGRhdGUiOjEyMDAwMDAwMDAwMH19",
          "dependencies": [
            "module.vpc.aws_eip.nat_eip",
            "module.vpc.aws_internet_gateway.ig",
            "module.vpc.aws_nat_gateway.natg",
            "module.vpc.aws_route_table.route_table_priv",
            "module.vpc.aws_subnet.dev-priv-main-subnet",
            "module.vpc.aws_subnet.dev-pub-main-subnet",
            "module.vpc.aws_vpc.alprestamo-vpc"
          ]
        }
      ]
    },
    {
      "module": "module.vpc",
      "mode": "managed",
      "type": "aws_route_table_association",
      "name": "pub-alt",
      "provider": "provider[\"registry.terraform.io/hashicorp/aws\"]",
      "instances": [
        {
          "schema_version": 0,
          "attributes": {
            "gateway_id": "",
            "id": "rtbassoc-0cabbf4e195b4b17c",
            "route_table_id": "rtb-0627adb5432f56046",
            "subnet_id": "subnet-019b5b1fb720a5d60",
            "timeouts": null
          },
          "sensitive_attributes": [],
          "private": "eyJlMmJmYjczMC1lY2FhLTExZTYtOGY4OC0zNDM2M2JjN2M0YzAiOnsiY3JlYXRlIjozMDAwMDAwMDAwMDAsImRlbGV0ZSI6MzAwMDAwMDAwMDAwLCJ1cGRhdGUiOjEyMDAwMDAwMDAwMH19",
          "dependencies": [
            "module.vpc.aws_internet_gateway.ig",
            "module.vpc.aws_route_table.route_table_pub",
            "module.vpc.aws_subnet.dev-pub-alt-subnet",
            "module.vpc.aws_vpc.alprestamo-vpc"
          ]
        }
      ]
    },
    {
      "module": "module.vpc",
      "mode": "managed",
      "type": "aws_route_table_association",
      "name": "pub-main",
      "provider": "provider[\"registry.terraform.io/hashicorp/aws\"]",
      "instances": [
        {
          "schema_version": 0,
          "attributes": {
            "gateway_id": "",
            "id": "rtbassoc-02370e14672ac85b1",
            "route_table_id": "rtb-0627adb5432f56046",
            "subnet_id": "subnet-00cb8c51fa8e2d3a2",
            "timeouts": null
          },
          "sensitive_attributes": [],
          "private": "eyJlMmJmYjczMC1lY2FhLTExZTYtOGY4OC0zNDM2M2JjN2M0YzAiOnsiY3JlYXRlIjozMDAwMDAwMDAwMDAsImRlbGV0ZSI6MzAwMDAwMDAwMDAwLCJ1cGRhdGUiOjEyMDAwMDAwMDAwMH19",
          "dependencies": [
            "module.vpc.aws_internet_gateway.ig",
            "module.vpc.aws_route_table.route_table_pub",
            "module.vpc.aws_subnet.dev-pub-main-subnet",
            "module.vpc.aws_vpc.alprestamo-vpc"
          ]
        }
      ]
    },
    {
      "module": "module.vpc",
      "mode": "managed",
      "type": "aws_security_group",
      "name": "alprestamo-sg",
      "provider": "provider[\"registry.terraform.io/hashicorp/aws\"]",
      "instances": [
        {
          "schema_version": 1,
          "attributes": {
            "arn": "arn:aws:ec2:us-west-1:145628923514:security-group/sg-023408100065f5f2b",
            "description": "Allow basic inbound traffic",
            "egress": [
              {
                "cidr_blocks": [
                  "0.0.0.0/0"
                ],
                "description": "",
                "from_port": 0,
                "ipv6_cidr_blocks": [
                  "::/0"
                ],
                "prefix_list_ids": [],
                "protocol": "-1",
                "security_groups": [],
                "self": false,
                "to_port": 0
              }
            ],
            "id": "sg-023408100065f5f2b",
            "ingress": [
              {
                "cidr_blocks": [
                  "10.20.0.0/16"
                ],
                "description": "HTTP from VPC",
                "from_port": 80,
                "ipv6_cidr_blocks": [],
                "prefix_list_ids": [],
                "protocol": "tcp",
                "security_groups": [],
                "self": false,
                "to_port": 80
              },
              {
                "cidr_blocks": [
                  "10.20.0.0/16"
                ],
                "description": "HTTPS from VPC",
                "from_port": 443,
                "ipv6_cidr_blocks": [],
                "prefix_list_ids": [],
                "protocol": "tcp",
                "security_groups": [],
                "self": false,
                "to_port": 443
              },
              {
                "cidr_blocks": [
                  "10.20.0.0/16"
                ],
                "description": "SSH from VPC",
                "from_port": 22,
                "ipv6_cidr_blocks": [],
                "prefix_list_ids": [],
                "protocol": "tcp",
                "security_groups": [],
                "self": false,
                "to_port": 22
              }
            ],
            "name": "allow_basic_traffic",
            "name_prefix": "",
            "owner_id": "145628923514",
            "revoke_rules_on_delete": false,
            "tags": {
              "Name": "necessary opened ports"
            },
            "tags_all": {
              "Name": "necessary opened ports"
            },
            "timeouts": null,
            "vpc_id": "vpc-029b97b4aac97de0e"
          },
          "sensitive_attributes": [],
          "private": "eyJlMmJmYjczMC1lY2FhLTExZTYtOGY4OC0zNDM2M2JjN2M0YzAiOnsiY3JlYXRlIjo2MDAwMDAwMDAwMDAsImRlbGV0ZSI6OTAwMDAwMDAwMDAwfSwic2NoZW1hX3ZlcnNpb24iOiIxIn0=",
          "dependencies": [
            "module.vpc.aws_vpc.alprestamo-vpc"
          ]
        }
      ]
    },
    {
      "module": "module.vpc",
      "mode": "managed",
      "type": "aws_subnet",
      "name": "dev-priv-alt-subnet",
      "provider": "provider[\"registry.terraform.io/hashicorp/aws\"]",
      "instances": [
        {
          "schema_version": 1,
          "attributes": {
            "arn": "arn:aws:ec2:us-west-1:145628923514:subnet/subnet-03eb0f6ea6b6c9815",
            "assign_ipv6_address_on_creation": false,
            "availability_zone": "us-west-1c",
            "availability_zone_id": "usw1-az1",
            "cidr_block": "10.20.20.0/24",
            "customer_owned_ipv4_pool": "",
            "enable_dns64": false,
            "enable_lni_at_device_index": 0,
            "enable_resource_name_dns_a_record_on_launch": false,
            "enable_resource_name_dns_aaaa_record_on_launch": false,
            "id": "subnet-03eb0f6ea6b6c9815",
            "ipv6_cidr_block": "",
            "ipv6_cidr_block_association_id": "",
            "ipv6_native": false,
            "map_customer_owned_ip_on_launch": false,
            "map_public_ip_on_launch": false,
            "outpost_arn": "",
            "owner_id": "145628923514",
            "private_dns_hostname_type_on_launch": "ip-name",
            "tags": {
              "Name": "alprestamo-test-dev-priv-alt"
            },
            "tags_all": {
              "Name": "alprestamo-test-dev-priv-alt"
            },
            "timeouts": null,
            "vpc_id": "vpc-029b97b4aac97de0e"
          },
          "sensitive_attributes": [],
          "private": "eyJlMmJmYjczMC1lY2FhLTExZTYtOGY4OC0zNDM2M2JjN2M0YzAiOnsiY3JlYXRlIjo2MDAwMDAwMDAwMDAsImRlbGV0ZSI6MTIwMDAwMDAwMDAwMH0sInNjaGVtYV92ZXJzaW9uIjoiMSJ9",
          "dependencies": [
            "module.vpc.aws_vpc.alprestamo-vpc"
          ]
        }
      ]
    },
    {
      "module": "module.vpc",
      "mode": "managed",
      "type": "aws_subnet",
      "name": "dev-priv-main-subnet",
      "provider": "provider[\"registry.terraform.io/hashicorp/aws\"]",
      "instances": [
        {
          "schema_version": 1,
          "attributes": {
            "arn": "arn:aws:ec2:us-west-1:145628923514:subnet/subnet-0e57aed85b9e12630",
            "assign_ipv6_address_on_creation": false,
            "availability_zone": "us-west-1b",
            "availability_zone_id": "usw1-az3",
            "cidr_block": "10.20.0.0/24",
            "customer_owned_ipv4_pool": "",
            "enable_dns64": false,
            "enable_lni_at_device_index": 0,
            "enable_resource_name_dns_a_record_on_launch": false,
            "enable_resource_name_dns_aaaa_record_on_launch": false,
            "id": "subnet-0e57aed85b9e12630",
            "ipv6_cidr_block": "",
            "ipv6_cidr_block_association_id": "",
            "ipv6_native": false,
            "map_customer_owned_ip_on_launch": false,
            "map_public_ip_on_launch": false,
            "outpost_arn": "",
            "owner_id": "145628923514",
            "private_dns_hostname_type_on_launch": "ip-name",
            "tags": {
              "Name": "alprestamo-test-dev-priv-main"
            },
            "tags_all": {
              "Name": "alprestamo-test-dev-priv-main"
            },
            "timeouts": null,
            "vpc_id": "vpc-029b97b4aac97de0e"
          },
          "sensitive_attributes": [],
          "private": "eyJlMmJmYjczMC1lY2FhLTExZTYtOGY4OC0zNDM2M2JjN2M0YzAiOnsiY3JlYXRlIjo2MDAwMDAwMDAwMDAsImRlbGV0ZSI6MTIwMDAwMDAwMDAwMH0sInNjaGVtYV92ZXJzaW9uIjoiMSJ9",
          "dependencies": [
            "module.vpc.aws_vpc.alprestamo-vpc"
          ]
        }
      ]
    },
    {
      "module": "module.vpc",
      "mode": "managed",
      "type": "aws_subnet",
      "name": "dev-pub-alt-subnet",
      "provider": "provider[\"registry.terraform.io/hashicorp/aws\"]",
      "instances": [
        {
          "schema_version": 1,
          "attributes": {
            "arn": "arn:aws:ec2:us-west-1:145628923514:subnet/subnet-019b5b1fb720a5d60",
            "assign_ipv6_address_on_creation": false,
            "availability_zone": "us-west-1c",
            "availability_zone_id": "usw1-az1",
            "cidr_block": "10.20.60.0/24",
            "customer_owned_ipv4_pool": "",
            "enable_dns64": false,
            "enable_lni_at_device_index": 0,
            "enable_resource_name_dns_a_record_on_launch": false,
            "enable_resource_name_dns_aaaa_record_on_launch": false,
            "id": "subnet-019b5b1fb720a5d60",
            "ipv6_cidr_block": "",
            "ipv6_cidr_block_association_id": "",
            "ipv6_native": false,
            "map_customer_owned_ip_on_launch": false,
            "map_public_ip_on_launch": false,
            "outpost_arn": "",
            "owner_id": "145628923514",
            "private_dns_hostname_type_on_launch": "ip-name",
            "tags": {
              "Name": "alprestamo-test-dev-public-alt"
            },
            "tags_all": {
              "Name": "alprestamo-test-dev-public-alt"
            },
            "timeouts": null,
            "vpc_id": "vpc-029b97b4aac97de0e"
          },
          "sensitive_attributes": [],
          "private": "eyJlMmJmYjczMC1lY2FhLTExZTYtOGY4OC0zNDM2M2JjN2M0YzAiOnsiY3JlYXRlIjo2MDAwMDAwMDAwMDAsImRlbGV0ZSI6MTIwMDAwMDAwMDAwMH0sInNjaGVtYV92ZXJzaW9uIjoiMSJ9",
          "dependencies": [
            "module.vpc.aws_vpc.alprestamo-vpc"
          ]
        }
      ]
    },
    {
      "module": "module.vpc",
      "mode": "managed",
      "type": "aws_subnet",
      "name": "dev-pub-main-subnet",
      "provider": "provider[\"registry.terraform.io/hashicorp/aws\"]",
      "instances": [
        {
          "schema_version": 1,
          "attributes": {
            "arn": "arn:aws:ec2:us-west-1:145628923514:subnet/subnet-00cb8c51fa8e2d3a2",
            "assign_ipv6_address_on_creation": false,
            "availability_zone": "us-west-1b",
            "availability_zone_id": "usw1-az3",
            "cidr_block": "10.20.40.0/24",
            "customer_owned_ipv4_pool": "",
            "enable_dns64": false,
            "enable_lni_at_device_index": 0,
            "enable_resource_name_dns_a_record_on_launch": false,
            "enable_resource_name_dns_aaaa_record_on_launch": false,
            "id": "subnet-00cb8c51fa8e2d3a2",
            "ipv6_cidr_block": "",
            "ipv6_cidr_block_association_id": "",
            "ipv6_native": false,
            "map_customer_owned_ip_on_launch": false,
            "map_public_ip_on_launch": false,
            "outpost_arn": "",
            "owner_id": "145628923514",
            "private_dns_hostname_type_on_launch": "ip-name",
            "tags": {
              "Name": "alprestamo-test-dev-public-main"
            },
            "tags_all": {
              "Name": "alprestamo-test-dev-public-main"
            },
            "timeouts": null,
            "vpc_id": "vpc-029b97b4aac97de0e"
          },
          "sensitive_attributes": [],
          "private": "eyJlMmJmYjczMC1lY2FhLTExZTYtOGY4OC0zNDM2M2JjN2M0YzAiOnsiY3JlYXRlIjo2MDAwMDAwMDAwMDAsImRlbGV0ZSI6MTIwMDAwMDAwMDAwMH0sInNjaGVtYV92ZXJzaW9uIjoiMSJ9",
          "dependencies": [
            "module.vpc.aws_vpc.alprestamo-vpc"
          ]
        }
      ]
    },
    {
      "module": "module.vpc",
      "mode": "managed",
      "type": "aws_vpc",
      "name": "alprestamo-vpc",
      "provider": "provider[\"registry.terraform.io/hashicorp/aws\"]",
      "instances": [
        {
          "schema_version": 1,
          "attributes": {
            "arn": "arn:aws:ec2:us-west-1:145628923514:vpc/vpc-029b97b4aac97de0e",
            "assign_generated_ipv6_cidr_block": false,
            "cidr_block": "10.20.0.0/16",
            "default_network_acl_id": "acl-0597a6694d1a52439",
            "default_route_table_id": "rtb-03f86886fed95edeb",
            "default_security_group_id": "sg-04187a079f2054416",
            "dhcp_options_id": "dopt-0e571869851eb26ca",
            "enable_dns_hostnames": true,
            "enable_dns_support": true,
            "enable_network_address_usage_metrics": false,
            "id": "vpc-029b97b4aac97de0e",
            "instance_tenancy": "default",
            "ipv4_ipam_pool_id": null,
            "ipv4_netmask_length": null,
            "ipv6_association_id": "",
            "ipv6_cidr_block": "",
            "ipv6_cidr_block_network_border_group": "",
            "ipv6_ipam_pool_id": "",
            "ipv6_netmask_length": 0,
            "main_route_table_id": "rtb-03f86886fed95edeb",
            "owner_id": "145628923514",
            "tags": {
              "Name": "alprestamo-test-dev"
            },
            "tags_all": {
              "Name": "alprestamo-test-dev"
            }
          },
          "sensitive_attributes": [],
          "private": "eyJzY2hlbWFfdmVyc2lvbiI6IjEifQ==",
          "create_before_destroy": true
        }
      ]
    }
  ],
  "check_results": null
}
